// !$*UTF8*$!
{
	archiveVersion = 1;
	classes = {
	};
	objectVersion = 46;
	objects = {

/* Begin PBXBuildFile section */
		0A2AECD5A0506945CEA2427C /* AppFeature.swift in Sources */ = {isa = PBXBuildFile; fileRef = 5B530B8010CF8D16BE42A806 /* AppFeature.swift */; };
		129108716B6D6454E9C049FB /* HotkeyManager.swift in Sources */ = {isa = PBXBuildFile; fileRef = 939B4686F681D1AB1E86FEE3 /* HotkeyManager.swift */; };
		18A310F719E11A8F6B79C202 /* HotkeySettingsClient.swift in Sources */ = {isa = PBXBuildFile; fileRef = 44490CE1643584D6C65E8E98 /* HotkeySettingsClient.swift */; };
		3C482E3B3E36C47271434CF4 /* SessionView.swift in Sources */ = {isa = PBXBuildFile; fileRef = 7FC4ED013FA7E93095B1607D /* SessionView.swift */; };
		40FB8FB982A901E2E676EF33 /* EndSessionPromptView.swift in Sources */ = {isa = PBXBuildFile; fileRef = FC0BE749A8AE1FBEC1ADE578 /* EndSessionPromptView.swift */; };
		42BDFA1F95893036B537543C /* ComposableArchitecture in Frameworks */ = {isa = PBXBuildFile; productRef = B9FDA9C6F3A1812A35121240 /* ComposableArchitecture */; };
		451ACBA049063CCD5E6F1F3E /* Assets.xcassets in Resources */ = {isa = PBXBuildFile; fileRef = 291708EC5BE70B08C0BE024D /* Assets.xcassets */; };
		45A1A95C4CCDFC5469356EF7 /* OrbitSettingsView.swift in Sources */ = {isa = PBXBuildFile; fileRef = EE06957523E45246BA60DA32 /* OrbitSettingsView.swift */; };
		499F1D80E6D80A2FCC6045C0 /* HotkeyHint.swift in Sources */ = {isa = PBXBuildFile; fileRef = 75E40796C93534BE6F33252A /* HotkeyHint.swift */; };
		49C6216B5FFED77CBC628BBC /* SQLiteData in Frameworks */ = {isa = PBXBuildFile; productRef = CA6F3D42B26B834405B080A9 /* SQLiteData */; };
		5B99B69A79ED935EE0697E31 /* OrbitSpaceBackground.swift in Sources */ = {isa = PBXBuildFile; fileRef = 51047D6A4CAEE07BAA7EC5AC /* OrbitSpaceBackground.swift */; };
		5ED3EBE07034644BB6CBAA6A /* OrbitButtonStyles.swift in Sources */ = {isa = PBXBuildFile; fileRef = 69D62CEA84DB59F08A129516 /* OrbitButtonStyles.swift */; };
		606F4B2E67606EBE2812681D /* MarkdownFormattingBar.swift in Sources */ = {isa = PBXBuildFile; fileRef = FB3D89EEA79A3398FA93988A /* MarkdownFormattingBar.swift */; };
		616F55B69C8965B5E86006E6 /* MarkdownEditingCore.swift in Sources */ = {isa = PBXBuildFile; fileRef = D6F00FE2F626222FAFD1C553 /* MarkdownEditingCore.swift */; };
		66ABC5DF1AB74B171926CDC6 /* QuickCapturePanelController.swift in Sources */ = {isa = PBXBuildFile; fileRef = B506A9B68A7F83A885F957AF /* QuickCapturePanelController.swift */; };
		871F2E6A55CA72D18F24302B /* App.swift in Sources */ = {isa = PBXBuildFile; fileRef = A2E9D98F420D66D714AD8BB4 /* App.swift */; };
		9BBA6F384680BB482D421C91 /* MarkdownExportClient.swift in Sources */ = {isa = PBXBuildFile; fileRef = 64A3200E14F7AA7EE8D1C0DA /* MarkdownExportClient.swift */; };
		AB233A69302E0587CA7425FE /* FocusDomain.swift in Sources */ = {isa = PBXBuildFile; fileRef = 03ECC9E468033A3B565E6903 /* FocusDomain.swift */; };
		ABAD4ABEB54CA1A903279E68 /* MenuBarView.swift in Sources */ = {isa = PBXBuildFile; fileRef = 917CED81ABB623D45031BBF5 /* MenuBarView.swift */; };
		AD9303D52E4DADB031A9A825 /* Models.swift in Sources */ = {isa = PBXBuildFile; fileRef = BC83B1EB70C124FA7CDE929F /* Models.swift */; };
		B58B36FDFF82D895E3555D9D /* CasePaths in Frameworks */ = {isa = PBXBuildFile; productRef = E15831EEDCEF779BEC1B2A12 /* CasePaths */; };
		B7432C3712B7134C4D391820 /* InactivityClient.swift in Sources */ = {isa = PBXBuildFile; fileRef = 5FDC5C7439DA09C3E6A669E3 /* InactivityClient.swift */; };
		C319A8B9958C8FC1A90C06D4 /* QuickCaptureView.swift in Sources */ = {isa = PBXBuildFile; fileRef = A470AACEF9FF6251F3248B09 /* QuickCaptureView.swift */; };
		CF398F3433BC8C01DD424615 /* Cocoa.framework in Frameworks */ = {isa = PBXBuildFile; fileRef = E972D20F001E8433B06D38DB /* Cocoa.framework */; };
		D7FFD3B06C0C0391A5EE96B9 /* MarkdownSourceTextView.swift in Sources */ = {isa = PBXBuildFile; fileRef = 8DCED07DFAA15CC1579007D4 /* MarkdownSourceTextView.swift */; };
		D9B95420E5CD1398EA2AFC06 /* Dependencies in Frameworks */ = {isa = PBXBuildFile; productRef = DDDE93BFC2E32AF58D256595 /* Dependencies */; };
		DC6D5534CF78F80E409AA61D /* StructuredQueries in Frameworks */ = {isa = PBXBuildFile; productRef = 7574805B15E40ABA4DCDC906 /* StructuredQueries */; };
		E1855B23CCA3507FC83A16C9 /* Schema.swift in Sources */ = {isa = PBXBuildFile; fileRef = A13D2EA78727984D05C809E7 /* Schema.swift */; };
		EC7C1AB9CE91BED49A451B8E /* FocusRepository.swift in Sources */ = {isa = PBXBuildFile; fileRef = E7C7F59AA463DAC3A74BF16D /* FocusRepository.swift */; };
/* End PBXBuildFile section */

/* Begin PBXFileReference section */
		03ECC9E468033A3B565E6903 /* FocusDomain.swift */ = {isa = PBXFileReference; includeInIndex = 1; lastKnownFileType = sourcecode.swift; path = FocusDomain.swift; sourceTree = "<group>"; };
		291708EC5BE70B08C0BE024D /* Assets.xcassets */ = {isa = PBXFileReference; includeInIndex = 1; lastKnownFileType = folder.assetcatalog; path = Assets.xcassets; sourceTree = "<group>"; };
		44490CE1643584D6C65E8E98 /* HotkeySettingsClient.swift */ = {isa = PBXFileReference; includeInIndex = 1; lastKnownFileType = sourcecode.swift; path = HotkeySettingsClient.swift; sourceTree = "<group>"; };
		51047D6A4CAEE07BAA7EC5AC /* OrbitSpaceBackground.swift */ = {isa = PBXFileReference; includeInIndex = 1; lastKnownFileType = sourcecode.swift; path = OrbitSpaceBackground.swift; sourceTree = "<group>"; };
		5B530B8010CF8D16BE42A806 /* AppFeature.swift */ = {isa = PBXFileReference; includeInIndex = 1; lastKnownFileType = sourcecode.swift; path = AppFeature.swift; sourceTree = "<group>"; };
		5FDC5C7439DA09C3E6A669E3 /* InactivityClient.swift */ = {isa = PBXFileReference; includeInIndex = 1; lastKnownFileType = sourcecode.swift; path = InactivityClient.swift; sourceTree = "<group>"; };
		64A3200E14F7AA7EE8D1C0DA /* MarkdownExportClient.swift */ = {isa = PBXFileReference; includeInIndex = 1; lastKnownFileType = sourcecode.swift; path = MarkdownExportClient.swift; sourceTree = "<group>"; };
		69D62CEA84DB59F08A129516 /* OrbitButtonStyles.swift */ = {isa = PBXFileReference; includeInIndex = 1; lastKnownFileType = sourcecode.swift; path = OrbitButtonStyles.swift; sourceTree = "<group>"; };
		75E40796C93534BE6F33252A /* HotkeyHint.swift */ = {isa = PBXFileReference; includeInIndex = 1; lastKnownFileType = sourcecode.swift; path = HotkeyHint.swift; sourceTree = "<group>"; };
		7FC4ED013FA7E93095B1607D /* SessionView.swift */ = {isa = PBXFileReference; includeInIndex = 1; lastKnownFileType = sourcecode.swift; path = SessionView.swift; sourceTree = "<group>"; };
		8DCED07DFAA15CC1579007D4 /* MarkdownSourceTextView.swift */ = {isa = PBXFileReference; includeInIndex = 1; lastKnownFileType = sourcecode.swift; path = MarkdownSourceTextView.swift; sourceTree = "<group>"; };
		917CED81ABB623D45031BBF5 /* MenuBarView.swift */ = {isa = PBXFileReference; includeInIndex = 1; lastKnownFileType = sourcecode.swift; path = MenuBarView.swift; sourceTree = "<group>"; };
		939B4686F681D1AB1E86FEE3 /* HotkeyManager.swift */ = {isa = PBXFileReference; includeInIndex = 1; lastKnownFileType = sourcecode.swift; path = HotkeyManager.swift; sourceTree = "<group>"; };
		9D878C4B6F87DB3FF6FB2231 /* Orbit.app */ = {isa = PBXFileReference; explicitFileType = wrapper.application; includeInIndex = 0; path = Orbit.app; sourceTree = BUILT_PRODUCTS_DIR; };
		A13D2EA78727984D05C809E7 /* Schema.swift */ = {isa = PBXFileReference; includeInIndex = 1; lastKnownFileType = sourcecode.swift; path = Schema.swift; sourceTree = "<group>"; };
		A2E9D98F420D66D714AD8BB4 /* App.swift */ = {isa = PBXFileReference; includeInIndex = 1; lastKnownFileType = sourcecode.swift; path = App.swift; sourceTree = "<group>"; };
		A470AACEF9FF6251F3248B09 /* QuickCaptureView.swift */ = {isa = PBXFileReference; includeInIndex = 1; lastKnownFileType = sourcecode.swift; path = QuickCaptureView.swift; sourceTree = "<group>"; };
		B506A9B68A7F83A885F957AF /* QuickCapturePanelController.swift */ = {isa = PBXFileReference; includeInIndex = 1; lastKnownFileType = sourcecode.swift; path = QuickCapturePanelController.swift; sourceTree = "<group>"; };
		BC83B1EB70C124FA7CDE929F /* Models.swift */ = {isa = PBXFileReference; includeInIndex = 1; lastKnownFileType = sourcecode.swift; path = Models.swift; sourceTree = "<group>"; };
		D6F00FE2F626222FAFD1C553 /* MarkdownEditingCore.swift */ = {isa = PBXFileReference; includeInIndex = 1; lastKnownFileType = sourcecode.swift; path = MarkdownEditingCore.swift; sourceTree = "<group>"; };
		E7C7F59AA463DAC3A74BF16D /* FocusRepository.swift */ = {isa = PBXFileReference; includeInIndex = 1; lastKnownFileType = sourcecode.swift; path = FocusRepository.swift; sourceTree = "<group>"; };
		E972D20F001E8433B06D38DB /* Cocoa.framework */ = {isa = PBXFileReference; lastKnownFileType = wrapper.framework; name = Cocoa.framework; path = Platforms/MacOSX.platform/Developer/SDKs/MacOSX10.15.sdk/System/Library/Frameworks/Cocoa.framework; sourceTree = DEVELOPER_DIR; };
		EE06957523E45246BA60DA32 /* OrbitSettingsView.swift */ = {isa = PBXFileReference; includeInIndex = 1; lastKnownFileType = sourcecode.swift; path = OrbitSettingsView.swift; sourceTree = "<group>"; };
		FB3D89EEA79A3398FA93988A /* MarkdownFormattingBar.swift */ = {isa = PBXFileReference; includeInIndex = 1; lastKnownFileType = sourcecode.swift; path = MarkdownFormattingBar.swift; sourceTree = "<group>"; };
		FC0BE749A8AE1FBEC1ADE578 /* EndSessionPromptView.swift */ = {isa = PBXFileReference; includeInIndex = 1; lastKnownFileType = sourcecode.swift; path = EndSessionPromptView.swift; sourceTree = "<group>"; };
/* End PBXFileReference section */

/* Begin PBXFrameworksBuildPhase section */
		08ACE1AFF659332E588375C9 /* Frameworks */ = {
			isa = PBXFrameworksBuildPhase;
			buildActionMask = 2147483647;
			files = (
				CF398F3433BC8C01DD424615 /* Cocoa.framework in Frameworks */,
				42BDFA1F95893036B537543C /* ComposableArchitecture in Frameworks */,
				B58B36FDFF82D895E3555D9D /* CasePaths in Frameworks */,
				D9B95420E5CD1398EA2AFC06 /* Dependencies in Frameworks */,
				49C6216B5FFED77CBC628BBC /* SQLiteData in Frameworks */,
				DC6D5534CF78F80E409AA61D /* StructuredQueries in Frameworks */,
			);
			runOnlyForDeploymentPostprocessing = 0;
		};
/* End PBXFrameworksBuildPhase section */

/* Begin PBXGroup section */
		05818FFC4346EA17D2F3AAA3 /* Sources */ = {
			isa = PBXGroup;
			children = (
				AF65549547F3EBD20B3419CC /* OrbitApp */,
			);
			name = Sources;
			path = Sources;
			sourceTree = "<group>";
		};
		284D4D58F13EB41F56A4E277 /* Shared */ = {
			isa = PBXGroup;
			children = (
				FC0BE749A8AE1FBEC1ADE578 /* EndSessionPromptView.swift */,
				03ECC9E468033A3B565E6903 /* FocusDomain.swift */,
				75E40796C93534BE6F33252A /* HotkeyHint.swift */,
				D6F00FE2F626222FAFD1C553 /* MarkdownEditingCore.swift */,
				FB3D89EEA79A3398FA93988A /* MarkdownFormattingBar.swift */,
				8DCED07DFAA15CC1579007D4 /* MarkdownSourceTextView.swift */,
				69D62CEA84DB59F08A129516 /* OrbitButtonStyles.swift */,
				51047D6A4CAEE07BAA7EC5AC /* OrbitSpaceBackground.swift */,
				B506A9B68A7F83A885F957AF /* QuickCapturePanelController.swift */,
			);
			name = Shared;
			path = Shared;
			sourceTree = "<group>";
		};
		2F5A59C2240F8BB543EB3866 /* Persistence */ = {
			isa = PBXGroup;
			children = (
				BC83B1EB70C124FA7CDE929F /* Models.swift */,
			);
			name = Persistence;
			path = Persistence;
			sourceTree = "<group>";
		};
		4135EC12FD58755A8298D5F1 = {
			isa = PBXGroup;
			children = (
				88B53B6D82BF78AFC875B5FD /* Products */,
				6E1029E72C02450AB1BCB211 /* Frameworks */,
				05818FFC4346EA17D2F3AAA3 /* Sources */,
				B89F993EE0AC80E4D7ECD1E9 /* Resources */,
			);
			sourceTree = "<group>";
		};
		46A1C3437395DA46C2A4D040 /* MenuBarFeature */ = {
			isa = PBXGroup;
			children = (
				917CED81ABB623D45031BBF5 /* MenuBarView.swift */,
			);
			name = MenuBarFeature;
			path = MenuBarFeature;
			sourceTree = "<group>";
		};
		6E1029E72C02450AB1BCB211 /* Frameworks */ = {
			isa = PBXGroup;
			children = (
				C500409A8C3BEF7679650305 /* OS X */,
			);
			name = Frameworks;
			sourceTree = "<group>";
		};
		88B53B6D82BF78AFC875B5FD /* Products */ = {
			isa = PBXGroup;
			children = (
				9D878C4B6F87DB3FF6FB2231 /* Orbit.app */,
			);
			name = Products;
			sourceTree = "<group>";
		};
		89069B19BA6C809146ABE848 /* QuickCaptureFeature */ = {
			isa = PBXGroup;
			children = (
				A470AACEF9FF6251F3248B09 /* QuickCaptureView.swift */,
			);
			name = QuickCaptureFeature;
			path = QuickCaptureFeature;
			sourceTree = "<group>";
		};
		AF65549547F3EBD20B3419CC /* OrbitApp */ = {
			isa = PBXGroup;
			children = (
				A2E9D98F420D66D714AD8BB4 /* App.swift */,
				5B530B8010CF8D16BE42A806 /* AppFeature.swift */,
				F6263B6E46E9F6E2A6AD9358 /* Dependencies */,
				46A1C3437395DA46C2A4D040 /* MenuBarFeature */,
				EE06957523E45246BA60DA32 /* OrbitSettingsView.swift */,
				2F5A59C2240F8BB543EB3866 /* Persistence */,
				89069B19BA6C809146ABE848 /* QuickCaptureFeature */,
				A13D2EA78727984D05C809E7 /* Schema.swift */,
				FF0764D04630812E639C48D1 /* SessionFeature */,
				284D4D58F13EB41F56A4E277 /* Shared */,
			);
			name = OrbitApp;
			path = OrbitApp;
			sourceTree = "<group>";
		};
		B89F993EE0AC80E4D7ECD1E9 /* Resources */ = {
			isa = PBXGroup;
			children = (
				291708EC5BE70B08C0BE024D /* Assets.xcassets */,
			);
			name = Resources;
			path = Resources;
			sourceTree = "<group>";
		};
		C500409A8C3BEF7679650305 /* OS X */ = {
			isa = PBXGroup;
			children = (
				E972D20F001E8433B06D38DB /* Cocoa.framework */,
			);
			name = "OS X";
			sourceTree = "<group>";
		};
		F6263B6E46E9F6E2A6AD9358 /* Dependencies */ = {
			isa = PBXGroup;
			children = (
				E7C7F59AA463DAC3A74BF16D /* FocusRepository.swift */,
				939B4686F681D1AB1E86FEE3 /* HotkeyManager.swift */,
				44490CE1643584D6C65E8E98 /* HotkeySettingsClient.swift */,
				5FDC5C7439DA09C3E6A669E3 /* InactivityClient.swift */,
				64A3200E14F7AA7EE8D1C0DA /* MarkdownExportClient.swift */,
			);
			name = Dependencies;
			path = Dependencies;
			sourceTree = "<group>";
		};
		FF0764D04630812E639C48D1 /* SessionFeature */ = {
			isa = PBXGroup;
			children = (
				7FC4ED013FA7E93095B1607D /* SessionView.swift */,
			);
			name = SessionFeature;
			path = SessionFeature;
			sourceTree = "<group>";
		};
/* End PBXGroup section */

/* Begin PBXNativeTarget section */
		F3E06B0D2578442A30B97606 /* Orbit */ = {
			isa = PBXNativeTarget;
			buildConfigurationList = 7891340EB46522886342F333 /* Build configuration list for PBXNativeTarget "Orbit" */;
			buildPhases = (
				3A6B86C5172FE4CE3E3D570B /* Sources */,
				08ACE1AFF659332E588375C9 /* Frameworks */,
				D5D274CD221B0837709BFA83 /* Resources */,
			);
			buildRules = (
			);
			dependencies = (
				2ADEFC940C2EAEEEA7C15A32 /* PBXTargetDependency */,
				B0EF052339D18B39CEE44503 /* PBXTargetDependency */,
				08EBD1B2C1C978CBC7FD9CEE /* PBXTargetDependency */,
				AEC8A134C27EB9B096C87BE2 /* PBXTargetDependency */,
				18DF85531DB6BE3DEAFE39B2 /* PBXTargetDependency */,
			);
			name = Orbit;
			packageProductDependencies = (
				B9FDA9C6F3A1812A35121240 /* ComposableArchitecture */,
				E15831EEDCEF779BEC1B2A12 /* CasePaths */,
				DDDE93BFC2E32AF58D256595 /* Dependencies */,
				CA6F3D42B26B834405B080A9 /* SQLiteData */,
				7574805B15E40ABA4DCDC906 /* StructuredQueries */,
			);
			productName = Orbit;
			productReference = 9D878C4B6F87DB3FF6FB2231 /* Orbit.app */;
			productType = "com.apple.product-type.application";
		};
/* End PBXNativeTarget section */

/* Begin PBXProject section */
		5E01970D091EFAEEC26ECF7B /* Project object */ = {
			isa = PBXProject;
			attributes = {
				LastSwiftUpdateCheck = 1300;
				LastUpgradeCheck = 1300;
			};
			buildConfigurationList = DA1103692C2E1E3D25B0AB61 /* Build configuration list for PBXProject "Orbit" */;
			compatibilityVersion = "Xcode 3.2";
			developmentRegion = en;
			hasScannedForEncodings = 0;
			knownRegions = (
				en,
				Base,
			);
			mainGroup = 4135EC12FD58755A8298D5F1;
			packageReferences = (
				3B8C61BA604A3CCDB839E0E7 /* XCRemoteSwiftPackageReference "swift-composable-architecture" */,
				34B7070745E7FFFE541E0C7E /* XCRemoteSwiftPackageReference "swift-case-paths" */,
				7BFEE2D00F5F7C0E799081CA /* XCRemoteSwiftPackageReference "swift-dependencies" */,
				CD99FF1E5DFBADE4B7A07ED8 /* XCRemoteSwiftPackageReference "sqlite-data" */,
				3F444906A0EDCD50EE06433A /* XCRemoteSwiftPackageReference "swift-structured-queries" */,
			);
			productRefGroup = 88B53B6D82BF78AFC875B5FD /* Products */;
			projectDirPath = "";
			projectRoot = "";
			targets = (
				F3E06B0D2578442A30B97606 /* Orbit */,
			);
		};
/* End PBXProject section */

/* Begin PBXResourcesBuildPhase section */
		D5D274CD221B0837709BFA83 /* Resources */ = {
			isa = PBXResourcesBuildPhase;
			buildActionMask = 2147483647;
			files = (
				451ACBA049063CCD5E6F1F3E /* Assets.xcassets in Resources */,
			);
			runOnlyForDeploymentPostprocessing = 0;
		};
/* End PBXResourcesBuildPhase section */

/* Begin PBXSourcesBuildPhase section */
		3A6B86C5172FE4CE3E3D570B /* Sources */ = {
			isa = PBXSourcesBuildPhase;
			buildActionMask = 2147483647;
			files = (
				871F2E6A55CA72D18F24302B /* App.swift in Sources */,
				0A2AECD5A0506945CEA2427C /* AppFeature.swift in Sources */,
				EC7C1AB9CE91BED49A451B8E /* FocusRepository.swift in Sources */,
				129108716B6D6454E9C049FB /* HotkeyManager.swift in Sources */,
				18A310F719E11A8F6B79C202 /* HotkeySettingsClient.swift in Sources */,
				B7432C3712B7134C4D391820 /* InactivityClient.swift in Sources */,
				9BBA6F384680BB482D421C91 /* MarkdownExportClient.swift in Sources */,
				ABAD4ABEB54CA1A903279E68 /* MenuBarView.swift in Sources */,
				45A1A95C4CCDFC5469356EF7 /* OrbitSettingsView.swift in Sources */,
				AD9303D52E4DADB031A9A825 /* Models.swift in Sources */,
				C319A8B9958C8FC1A90C06D4 /* QuickCaptureView.swift in Sources */,
				E1855B23CCA3507FC83A16C9 /* Schema.swift in Sources */,
				3C482E3B3E36C47271434CF4 /* SessionView.swift in Sources */,
				40FB8FB982A901E2E676EF33 /* EndSessionPromptView.swift in Sources */,
				AB233A69302E0587CA7425FE /* FocusDomain.swift in Sources */,
				499F1D80E6D80A2FCC6045C0 /* HotkeyHint.swift in Sources */,
				616F55B69C8965B5E86006E6 /* MarkdownEditingCore.swift in Sources */,
				606F4B2E67606EBE2812681D /* MarkdownFormattingBar.swift in Sources */,
				D7FFD3B06C0C0391A5EE96B9 /* MarkdownSourceTextView.swift in Sources */,
				5ED3EBE07034644BB6CBAA6A /* OrbitButtonStyles.swift in Sources */,
				5B99B69A79ED935EE0697E31 /* OrbitSpaceBackground.swift in Sources */,
				66ABC5DF1AB74B171926CDC6 /* QuickCapturePanelController.swift in Sources */,
			);
			runOnlyForDeploymentPostprocessing = 0;
		};
/* End PBXSourcesBuildPhase section */

/* Begin PBXTargetDependency section */
		08EBD1B2C1C978CBC7FD9CEE /* PBXTargetDependency */ = {
			isa = PBXTargetDependency;
			productRef = DDDE93BFC2E32AF58D256595 /* Dependencies */;
		};
		18DF85531DB6BE3DEAFE39B2 /* PBXTargetDependency */ = {
			isa = PBXTargetDependency;
			productRef = 7574805B15E40ABA4DCDC906 /* StructuredQueries */;
		};
		2ADEFC940C2EAEEEA7C15A32 /* PBXTargetDependency */ = {
			isa = PBXTargetDependency;
			productRef = B9FDA9C6F3A1812A35121240 /* ComposableArchitecture */;
		};
		AEC8A134C27EB9B096C87BE2 /* PBXTargetDependency */ = {
			isa = PBXTargetDependency;
			productRef = CA6F3D42B26B834405B080A9 /* SQLiteData */;
		};
		B0EF052339D18B39CEE44503 /* PBXTargetDependency */ = {
			isa = PBXTargetDependency;
			productRef = E15831EEDCEF779BEC1B2A12 /* CasePaths */;
		};
/* End PBXTargetDependency section */

/* Begin XCBuildConfiguration section */
		292D26E82C8965BD133233EC /* Debug */ = {
			isa = XCBuildConfiguration;
			buildSettings = {
				ASSETCATALOG_COMPILER_APPICON_NAME = AppIcon;
				ASSETCATALOG_COMPILER_GLOBAL_ACCENT_COLOR_NAME = AccentColor;
				CODE_SIGN_STYLE = Automatic;
				COMBINE_HIDPI_IMAGES = YES;
				CURRENT_PROJECT_VERSION = 1;
				ENABLE_HARDENED_RUNTIME = YES;
				GENERATE_INFOPLIST_FILE = YES;
				INFOPLIST_KEY_CFBundleDisplayName = Orbit;
				INFOPLIST_KEY_LSApplicationCategoryType = "public.app-category.productivity";
				INFOPLIST_KEY_LSUIElement = YES;
				INFOPLIST_KEY_NSHumanReadableCopyright = "Copyright © 2026 Orbit";
				LD_RUNPATH_SEARCH_PATHS = "$(inherited) @executable_path/../Frameworks";
				MACOSX_DEPLOYMENT_TARGET = 14.0;
				MARKETING_VERSION = 1.0;
				PRODUCT_BUNDLE_IDENTIFIER = com.smiller.orbit;
				PRODUCT_NAME = Orbit;
				SDKROOT = macosx;
				SWIFT_EMIT_LOC_STRINGS = YES;
				SWIFT_VERSION = 6.0;
			};
			name = Debug;
		};
		37F41FC57433478EF21E34C1 /* Release */ = {
			isa = XCBuildConfiguration;
			buildSettings = {
				ASSETCATALOG_COMPILER_APPICON_NAME = AppIcon;
				ASSETCATALOG_COMPILER_GLOBAL_ACCENT_COLOR_NAME = AccentColor;
				CODE_SIGN_STYLE = Automatic;
				COMBINE_HIDPI_IMAGES = YES;
				CURRENT_PROJECT_VERSION = 1;
				ENABLE_HARDENED_RUNTIME = YES;
				GENERATE_INFOPLIST_FILE = YES;
				INFOPLIST_KEY_CFBundleDisplayName = Orbit;
				INFOPLIST_KEY_LSApplicationCategoryType = "public.app-category.productivity";
				INFOPLIST_KEY_LSUIElement = YES;
				INFOPLIST_KEY_NSHumanReadableCopyright = "Copyright © 2026 Orbit";
				LD_RUNPATH_SEARCH_PATHS = "$(inherited) @executable_path/../Frameworks";
				MACOSX_DEPLOYMENT_TARGET = 14.0;
				MARKETING_VERSION = 1.0;
				PRODUCT_BUNDLE_IDENTIFIER = com.smiller.orbit;
				PRODUCT_NAME = Orbit;
				SDKROOT = macosx;
				SWIFT_EMIT_LOC_STRINGS = YES;
				SWIFT_VERSION = 6.0;
			};
			name = Release;
		};
		523055AD466F972DCE274FC0 /* Debug */ = {
			isa = XCBuildConfiguration;
			buildSettings = {
				ALWAYS_SEARCH_USER_PATHS = NO;
				CLANG_ANALYZER_NONNULL = YES;
				CLANG_ANALYZER_NUMBER_OBJECT_CONVERSION = YES_AGGRESSIVE;
				CLANG_CXX_LANGUAGE_STANDARD = "gnu++14";
				CLANG_CXX_LIBRARY = "libc++";
				CLANG_ENABLE_MODULES = YES;
				CLANG_ENABLE_OBJC_ARC = YES;
				CLANG_ENABLE_OBJC_WEAK = YES;
				CLANG_WARN_BLOCK_CAPTURE_AUTORELEASING = YES;
				CLANG_WARN_BOOL_CONVERSION = YES;
				CLANG_WARN_COMMA = YES;
				CLANG_WARN_CONSTANT_CONVERSION = YES;
				CLANG_WARN_DEPRECATED_OBJC_IMPLEMENTATIONS = YES;
				CLANG_WARN_DIRECT_OBJC_ISA_USAGE = YES_ERROR;
				CLANG_WARN_DOCUMENTATION_COMMENTS = YES;
				CLANG_WARN_EMPTY_BODY = YES;
				CLANG_WARN_ENUM_CONVERSION = YES;
				CLANG_WARN_INFINITE_RECURSION = YES;
				CLANG_WARN_INT_CONVERSION = YES;
				CLANG_WARN_NON_LITERAL_NULL_CONVERSION = YES;
				CLANG_WARN_OBJC_IMPLICIT_RETAIN_SELF = YES;
				CLANG_WARN_OBJC_LITERAL_CONVERSION = YES;
				CLANG_WARN_OBJC_ROOT_CLASS = YES_ERROR;
				CLANG_WARN_QUOTED_INCLUDE_IN_FRAMEWORK_HEADER = YES;
				CLANG_WARN_RANGE_LOOP_ANALYSIS = YES;
				CLANG_WARN_STRICT_PROTOTYPES = YES;
				CLANG_WARN_SUSPICIOUS_MOVE = YES;
				CLANG_WARN_UNGUARDED_AVAILABILITY = YES_AGGRESSIVE;
				CLANG_WARN_UNREACHABLE_CODE = YES;
				CLANG_WARN__DUPLICATE_METHOD_MATCH = YES;
				COPY_PHASE_STRIP = NO;
				DEBUG_INFORMATION_FORMAT = dwarf;
				ENABLE_STRICT_OBJC_MSGSEND = YES;
				ENABLE_TESTABILITY = YES;
				GCC_C_LANGUAGE_STANDARD = gnu11;
				GCC_DYNAMIC_NO_PIC = NO;
				GCC_NO_COMMON_BLOCKS = YES;
				GCC_OPTIMIZATION_LEVEL = 0;
				GCC_PREPROCESSOR_DEFINITIONS = (
					"DEBUG=1",
					"$(inherited)",
				);
				GCC_WARN_64_TO_32_BIT_CONVERSION = YES;
				GCC_WARN_ABOUT_RETURN_TYPE = YES_ERROR;
				GCC_WARN_UNDECLARED_SELECTOR = YES;
				GCC_WARN_UNINITIALIZED_AUTOS = YES_AGGRESSIVE;
				GCC_WARN_UNUSED_FUNCTION = YES;
				GCC_WARN_UNUSED_VARIABLE = YES;
				MACOSX_DEPLOYMENT_TARGET = 14.0;
				MTL_ENABLE_DEBUG_INFO = INCLUDE_SOURCE;
				MTL_FAST_MATH = YES;
				ONLY_ACTIVE_ARCH = YES;
				PRODUCT_NAME = "$(TARGET_NAME)";
				SWIFT_ACTIVE_COMPILATION_CONDITIONS = DEBUG;
				SWIFT_OPTIMIZATION_LEVEL = "-Onone";
				SWIFT_VERSION = 6.0;
			};
			name = Debug;
		};
		6DCC158CD301411130F8D928 /* Release */ = {
			isa = XCBuildConfiguration;
			buildSettings = {
				ALWAYS_SEARCH_USER_PATHS = NO;
				CLANG_ANALYZER_NONNULL = YES;
				CLANG_ANALYZER_NUMBER_OBJECT_CONVERSION = YES_AGGRESSIVE;
				CLANG_CXX_LANGUAGE_STANDARD = "gnu++14";
				CLANG_CXX_LIBRARY = "libc++";
				CLANG_ENABLE_MODULES = YES;
				CLANG_ENABLE_OBJC_ARC = YES;
				CLANG_ENABLE_OBJC_WEAK = YES;
				CLANG_WARN_BLOCK_CAPTURE_AUTORELEASING = YES;
				CLANG_WARN_BOOL_CONVERSION = YES;
				CLANG_WARN_COMMA = YES;
				CLANG_WARN_CONSTANT_CONVERSION = YES;
				CLANG_WARN_DEPRECATED_OBJC_IMPLEMENTATIONS = YES;
				CLANG_WARN_DIRECT_OBJC_ISA_USAGE = YES_ERROR;
				CLANG_WARN_DOCUMENTATION_COMMENTS = YES;
				CLANG_WARN_EMPTY_BODY = YES;
				CLANG_WARN_ENUM_CONVERSION = YES;
				CLANG_WARN_INFINITE_RECURSION = YES;
				CLANG_WARN_INT_CONVERSION = YES;
				CLANG_WARN_NON_LITERAL_NULL_CONVERSION = YES;
				CLANG_WARN_OBJC_IMPLICIT_RETAIN_SELF = YES;
				CLANG_WARN_OBJC_LITERAL_CONVERSION = YES;
				CLANG_WARN_OBJC_ROOT_CLASS = YES_ERROR;
				CLANG_WARN_QUOTED_INCLUDE_IN_FRAMEWORK_HEADER = YES;
				CLANG_WARN_RANGE_LOOP_ANALYSIS = YES;
				CLANG_WARN_STRICT_PROTOTYPES = YES;
				CLANG_WARN_SUSPICIOUS_MOVE = YES;
				CLANG_WARN_UNGUARDED_AVAILABILITY = YES_AGGRESSIVE;
				CLANG_WARN_UNREACHABLE_CODE = YES;
				CLANG_WARN__DUPLICATE_METHOD_MATCH = YES;
				COPY_PHASE_STRIP = NO;
				DEBUG_INFORMATION_FORMAT = "dwarf-with-dsym";
				ENABLE_NS_ASSERTIONS = NO;
				ENABLE_STRICT_OBJC_MSGSEND = YES;
				GCC_C_LANGUAGE_STANDARD = gnu11;
				GCC_NO_COMMON_BLOCKS = YES;
				GCC_WARN_64_TO_32_BIT_CONVERSION = YES;
				GCC_WARN_ABOUT_RETURN_TYPE = YES_ERROR;
				GCC_WARN_UNDECLARED_SELECTOR = YES;
				GCC_WARN_UNINITIALIZED_AUTOS = YES_AGGRESSIVE;
				GCC_WARN_UNUSED_FUNCTION = YES;
				GCC_WARN_UNUSED_VARIABLE = YES;
				MACOSX_DEPLOYMENT_TARGET = 14.0;
				MTL_ENABLE_DEBUG_INFO = NO;
				MTL_FAST_MATH = YES;
				PRODUCT_NAME = "$(TARGET_NAME)";
				SWIFT_COMPILATION_MODE = wholemodule;
				SWIFT_OPTIMIZATION_LEVEL = "-O";
				SWIFT_VERSION = 6.0;
			};
			name = Release;
		};
/* End XCBuildConfiguration section */

/* Begin XCConfigurationList section */
		7891340EB46522886342F333 /* Build configuration list for PBXNativeTarget "Orbit" */ = {
			isa = XCConfigurationList;
			buildConfigurations = (
				37F41FC57433478EF21E34C1 /* Release */,
				292D26E82C8965BD133233EC /* Debug */,
			);
			defaultConfigurationIsVisible = 0;
			defaultConfigurationName = Release;
		};
		DA1103692C2E1E3D25B0AB61 /* Build configuration list for PBXProject "Orbit" */ = {
			isa = XCConfigurationList;
			buildConfigurations = (
				523055AD466F972DCE274FC0 /* Debug */,
				6DCC158CD301411130F8D928 /* Release */,
			);
			defaultConfigurationIsVisible = 0;
			defaultConfigurationName = Release;
		};
/* End XCConfigurationList section */

/* Begin XCRemoteSwiftPackageReference section */
		34B7070745E7FFFE541E0C7E /* XCRemoteSwiftPackageReference "swift-case-paths" */ = {
			isa = XCRemoteSwiftPackageReference;
			repositoryURL = "https://github.com/pointfreeco/swift-case-paths";
			requirement = {
				kind = upToNextMajorVersion;
				minimumVersion = 1.5.0;
			};
		};
		3B8C61BA604A3CCDB839E0E7 /* XCRemoteSwiftPackageReference "swift-composable-architecture" */ = {
			isa = XCRemoteSwiftPackageReference;
			repositoryURL = "https://github.com/pointfreeco/swift-composable-architecture";
			requirement = {
				kind = upToNextMajorVersion;
				minimumVersion = 1.16.0;
			};
		};
		3F444906A0EDCD50EE06433A /* XCRemoteSwiftPackageReference "swift-structured-queries" */ = {
			isa = XCRemoteSwiftPackageReference;
			repositoryURL = "https://github.com/pointfreeco/swift-structured-queries";
			requirement = {
				kind = upToNextMajorVersion;
				minimumVersion = 0.1.0;
			};
		};
		7BFEE2D00F5F7C0E799081CA /* XCRemoteSwiftPackageReference "swift-dependencies" */ = {
			isa = XCRemoteSwiftPackageReference;
			repositoryURL = "https://github.com/pointfreeco/swift-dependencies";
			requirement = {
				kind = upToNextMajorVersion;
				minimumVersion = 1.8.0;
			};
		};
		CD99FF1E5DFBADE4B7A07ED8 /* XCRemoteSwiftPackageReference "sqlite-data" */ = {
			isa = XCRemoteSwiftPackageReference;
			repositoryURL = "https://github.com/pointfreeco/sqlite-data";
			requirement = {
				kind = upToNextMajorVersion;
				minimumVersion = 1.0.0;
			};
		};
/* End XCRemoteSwiftPackageReference section */

/* Begin XCSwiftPackageProductDependency section */
		7574805B15E40ABA4DCDC906 /* StructuredQueries */ = {
			isa = XCSwiftPackageProductDependency;
			package = 3F444906A0EDCD50EE06433A /* XCRemoteSwiftPackageReference "swift-structured-queries" */;
			productName = StructuredQueries;
		};
		B9FDA9C6F3A1812A35121240 /* ComposableArchitecture */ = {
			isa = XCSwiftPackageProductDependency;
			package = 3B8C61BA604A3CCDB839E0E7 /* XCRemoteSwiftPackageReference "swift-composable-architecture" */;
			productName = ComposableArchitecture;
		};
		CA6F3D42B26B834405B080A9 /* SQLiteData */ = {
			isa = XCSwiftPackageProductDependency;
			package = CD99FF1E5DFBADE4B7A07ED8 /* XCRemoteSwiftPackageReference "sqlite-data" */;
			productName = SQLiteData;
		};
		DDDE93BFC2E32AF58D256595 /* Dependencies */ = {
			isa = XCSwiftPackageProductDependency;
			package = 7BFEE2D00F5F7C0E799081CA /* XCRemoteSwiftPackageReference "swift-dependencies" */;
			productName = Dependencies;
		};
		E15831EEDCEF779BEC1B2A12 /* CasePaths */ = {
			isa = XCSwiftPackageProductDependency;
			package = 34B7070745E7FFFE541E0C7E /* XCRemoteSwiftPackageReference "swift-case-paths" */;
			productName = CasePaths;
		};
/* End XCSwiftPackageProductDependency section */
	};
	rootObject = 5E01970D091EFAEEC26ECF7B /* Project object */;
}
