// !$*UTF8*$!
{
	archiveVersion = 1;
	classes = {
	};
	objectVersion = 54;
	objects = {

/* Begin PBXBuildFile section */
		014513AE2CD58CE20D97A2F3 /* QuickCapturePanelController.swift in Sources */ = {isa = PBXBuildFile; fileRef = 1BFED63E38C932C97DD8C809 /* QuickCapturePanelController.swift */; };
		1286FD6FED5E76D6BDD64FD2 /* OrbitSpaceBackground.swift in Sources */ = {isa = PBXBuildFile; fileRef = 66F7DAB48B777F1E13ABC150 /* OrbitSpaceBackground.swift */; };
		1648677C96E755210B40B545 /* Cocoa.framework in Frameworks */ = {isa = PBXBuildFile; fileRef = 40539519CA0DC39A10932103 /* Cocoa.framework */; };
		18071E49E8F5275C196D0F48 /* HotkeyManager.swift in Sources */ = {isa = PBXBuildFile; fileRef = F6A0366521FB1CC140F62320 /* HotkeyManager.swift */; };
		1EAC93A0DCC35E3ACFEFD029 /* MarkdownFormattingBar.swift in Sources */ = {isa = PBXBuildFile; fileRef = B8D965877A754D1CD6916D76 /* MarkdownFormattingBar.swift */; };
		3040F4F279F0358D23F1BA92 /* HotkeySettingsClient.swift in Sources */ = {isa = PBXBuildFile; fileRef = 0BF187644B7FBFA30F89A5C8 /* HotkeySettingsClient.swift */; };
		3FE62E41E35956AD6FA0CC99 /* QuickCaptureView.swift in Sources */ = {isa = PBXBuildFile; fileRef = 119D9CC13DB5BBE6A54B8DF5 /* QuickCaptureView.swift */; };
		510A3D49BF048B5454665B17 /* ComposableArchitecture in Frameworks */ = {isa = PBXBuildFile; productRef = 44492BB61285D2CADF1D3884 /* ComposableArchitecture */; };
		5D9BCD66DCAE6DE5376C3393 /* App.swift in Sources */ = {isa = PBXBuildFile; fileRef = FD45782742C5B3180A06E9EE /* App.swift */; };
		64E6437C65D8B82F9E6BA576 /* FocusRepository.swift in Sources */ = {isa = PBXBuildFile; fileRef = AAB6775658599F836CBD40C4 /* FocusRepository.swift */; };
		6D82F121BC31112CEBD1F9B5 /* MenuBarView.swift in Sources */ = {isa = PBXBuildFile; fileRef = 6F44EC4CCDFA295B81FFEDF3 /* MenuBarView.swift */; };
		7B5C28F45D9E184E171F6FC2 /* StructuredQueries in Frameworks */ = {isa = PBXBuildFile; productRef = D3A4FF2A734D6E1A1CCB5E7C /* StructuredQueries */; };
		7CA2F5C988DE8FFFCF264367 /* SQLiteData in Frameworks */ = {isa = PBXBuildFile; productRef = 3AAF415269A2878FE0A31517 /* SQLiteData */; };
		8184011CBB40FF439A2FADC0 /* Assets.xcassets in Resources */ = {isa = PBXBuildFile; fileRef = 9589E10F327CF6C7BCA98486 /* Assets.xcassets */; };
		8555587D3F4BEDE136D3B3D2 /* Dependencies in Frameworks */ = {isa = PBXBuildFile; productRef = C1F90FC1C0C31122E35D4F73 /* Dependencies */; };
		8EDFE4861A5383A70956B635 /* MarkdownSourceTextView.swift in Sources */ = {isa = PBXBuildFile; fileRef = 8C50C0AF4229125CAF4C6A99 /* MarkdownSourceTextView.swift */; };
		96CC123BA8B91E42BD24988B /* OrbitButtonStyles.swift in Sources */ = {isa = PBXBuildFile; fileRef = FDC3E60A795D51747E39D007 /* OrbitButtonStyles.swift */; };
		9A3F18B42E6011D700000001 /* SessionHistoryBrowserSupport.swift in Sources */ = {isa = PBXBuildFile; fileRef = 9A3F18B62E6011D700000001 /* SessionHistoryBrowserSupport.swift */; };
		9A3F18B52E6011D700000001 /* HistoryTaskRowView.swift in Sources */ = {isa = PBXBuildFile; fileRef = 9A3F18B72E6011D700000001 /* HistoryTaskRowView.swift */; };
		A1C38E14B5D64F9A87C0E113 /* SessionTaskFilterBarView.swift in Sources */ = {isa = PBXBuildFile; fileRef = A1C38E14B5D64F9A87C0E112 /* SessionTaskFilterBarView.swift */; };
		A4B4B69DDCEF26B1A3F4998A /* MarkdownExportClient.swift in Sources */ = {isa = PBXBuildFile; fileRef = CC36E74A03098D2843A1524B /* MarkdownExportClient.swift */; };
		A7B91C22D4E74FB2A9C1D113 /* OrbitToastView.swift in Sources */ = {isa = PBXBuildFile; fileRef = C9F8E410B2A64D71AEB35C09 /* OrbitToastView.swift */; };
		A91044BC5CD8B609A747ECEE /* WorkspaceView.swift in Sources */ = {isa = PBXBuildFile; fileRef = F4F88D4E1F70F7B6FB8EFDDC /* WorkspaceView.swift */; };
		AB6C444405882E05AADED0C9 /* CasePaths in Frameworks */ = {isa = PBXBuildFile; productRef = B9B5F3AE02A9EAB3B0B47FC3 /* CasePaths */; };
		B4FC2B004887F046D550D8F4 /* SessionPageView.swift in Sources */ = {isa = PBXBuildFile; fileRef = 2740EBBEC4BEB38C2A7E3164 /* SessionPageView.swift */; };
		B58893B59D3CCFCD6A37589C /* Models.swift in Sources */ = {isa = PBXBuildFile; fileRef = 6C539D5AC9B61A2745598F2C /* Models.swift */; };
		B6A3A2B569277402C4E3B228 /* Schema.swift in Sources */ = {isa = PBXBuildFile; fileRef = F647314B9140B90A4D91A1FE /* Schema.swift */; };
		C1941AAA53B6E6A12C5F3D8F /* HotkeyHint.swift in Sources */ = {isa = PBXBuildFile; fileRef = C23484D86A339BABFCE21B79 /* HotkeyHint.swift */; };
		C25523DE190914A0EEAC223E /* FocusDomain.swift in Sources */ = {isa = PBXBuildFile; fileRef = 88312D129C5CA0F27CBCF28F /* FocusDomain.swift */; };
		C5F44C028A93DA20427BACCE /* AppFeature.swift in Sources */ = {isa = PBXBuildFile; fileRef = 0B976253DEEE87CEF658191F /* AppFeature.swift */; };
		CF6FD4FB57612D275C562C55 /* MarkdownEditingCore.swift in Sources */ = {isa = PBXBuildFile; fileRef = F60A9C526798D1F4E7B8615C /* MarkdownEditingCore.swift */; };
		E1A4D2F03A84C55B97F0AA11 /* TaskRowView.swift in Sources */ = {isa = PBXBuildFile; fileRef = E1A4D2F13A84C55B97F0AA11 /* TaskRowView.swift */; };
		F0A1B2C3D4E5F60718293A4B /* Flow in Frameworks */ = {isa = PBXBuildFile; productRef = F0A1B2C3D4E5F60718293A4C /* Flow */; };
		F1C3716C6DB7F4A0E45A4840 /* InactivityClient.swift in Sources */ = {isa = PBXBuildFile; fileRef = 35F269DC84311AEF962A906A /* InactivityClient.swift */; };
/* End PBXBuildFile section */

/* Begin PBXFileReference section */
		0B976253DEEE87CEF658191F /* AppFeature.swift */ = {isa = PBXFileReference; includeInIndex = 1; lastKnownFileType = sourcecode.swift; path = AppFeature.swift; sourceTree = "<group>"; };
		0BF187644B7FBFA30F89A5C8 /* HotkeySettingsClient.swift */ = {isa = PBXFileReference; includeInIndex = 1; lastKnownFileType = sourcecode.swift; path = HotkeySettingsClient.swift; sourceTree = "<group>"; };
		119D9CC13DB5BBE6A54B8DF5 /* QuickCaptureView.swift */ = {isa = PBXFileReference; includeInIndex = 1; lastKnownFileType = sourcecode.swift; path = QuickCaptureView.swift; sourceTree = "<group>"; };
		1BFED63E38C932C97DD8C809 /* QuickCapturePanelController.swift */ = {isa = PBXFileReference; includeInIndex = 1; lastKnownFileType = sourcecode.swift; path = QuickCapturePanelController.swift; sourceTree = "<group>"; };
		2740EBBEC4BEB38C2A7E3164 /* SessionPageView.swift */ = {isa = PBXFileReference; includeInIndex = 1; lastKnownFileType = sourcecode.swift; path = SessionPageView.swift; sourceTree = "<group>"; };
		35F269DC84311AEF962A906A /* InactivityClient.swift */ = {isa = PBXFileReference; includeInIndex = 1; lastKnownFileType = sourcecode.swift; path = InactivityClient.swift; sourceTree = "<group>"; };
		40539519CA0DC39A10932103 /* Cocoa.framework */ = {isa = PBXFileReference; lastKnownFileType = wrapper.framework; name = Cocoa.framework; path = Platforms/MacOSX.platform/Developer/SDKs/MacOSX10.15.sdk/System/Library/Frameworks/Cocoa.framework; sourceTree = DEVELOPER_DIR; };
		66F7DAB48B777F1E13ABC150 /* OrbitSpaceBackground.swift */ = {isa = PBXFileReference; includeInIndex = 1; lastKnownFileType = sourcecode.swift; path = OrbitSpaceBackground.swift; sourceTree = "<group>"; };
		6C539D5AC9B61A2745598F2C /* Models.swift */ = {isa = PBXFileReference; includeInIndex = 1; lastKnownFileType = sourcecode.swift; path = Models.swift; sourceTree = "<group>"; };
		6F44EC4CCDFA295B81FFEDF3 /* MenuBarView.swift */ = {isa = PBXFileReference; includeInIndex = 1; lastKnownFileType = sourcecode.swift; path = MenuBarView.swift; sourceTree = "<group>"; };
		88312D129C5CA0F27CBCF28F /* FocusDomain.swift */ = {isa = PBXFileReference; includeInIndex = 1; lastKnownFileType = sourcecode.swift; path = FocusDomain.swift; sourceTree = "<group>"; };
		8C50C0AF4229125CAF4C6A99 /* MarkdownSourceTextView.swift */ = {isa = PBXFileReference; includeInIndex = 1; lastKnownFileType = sourcecode.swift; path = MarkdownSourceTextView.swift; sourceTree = "<group>"; };
		9589E10F327CF6C7BCA98486 /* Assets.xcassets */ = {isa = PBXFileReference; includeInIndex = 1; lastKnownFileType = folder.assetcatalog; path = Assets.xcassets; sourceTree = "<group>"; };
		9A3F18B62E6011D700000001 /* SessionHistoryBrowserSupport.swift */ = {isa = PBXFileReference; includeInIndex = 1; lastKnownFileType = sourcecode.swift; path = SessionHistoryBrowserSupport.swift; sourceTree = "<group>"; };
		9A3F18B72E6011D700000001 /* HistoryTaskRowView.swift */ = {isa = PBXFileReference; includeInIndex = 1; lastKnownFileType = sourcecode.swift; path = HistoryTaskRowView.swift; sourceTree = "<group>"; };
		A1C38E14B5D64F9A87C0E112 /* SessionTaskFilterBarView.swift */ = {isa = PBXFileReference; includeInIndex = 1; lastKnownFileType = sourcecode.swift; path = SessionTaskFilterBarView.swift; sourceTree = "<group>"; };
		AAB6775658599F836CBD40C4 /* FocusRepository.swift */ = {isa = PBXFileReference; includeInIndex = 1; lastKnownFileType = sourcecode.swift; path = FocusRepository.swift; sourceTree = "<group>"; };
		B8D965877A754D1CD6916D76 /* MarkdownFormattingBar.swift */ = {isa = PBXFileReference; includeInIndex = 1; lastKnownFileType = sourcecode.swift; path = MarkdownFormattingBar.swift; sourceTree = "<group>"; };
		C23484D86A339BABFCE21B79 /* HotkeyHint.swift */ = {isa = PBXFileReference; includeInIndex = 1; lastKnownFileType = sourcecode.swift; path = HotkeyHint.swift; sourceTree = "<group>"; };
		C9F8E410B2A64D71AEB35C09 /* OrbitToastView.swift */ = {isa = PBXFileReference; includeInIndex = 1; lastKnownFileType = sourcecode.swift; path = OrbitToastView.swift; sourceTree = "<group>"; };
		CC36E74A03098D2843A1524B /* MarkdownExportClient.swift */ = {isa = PBXFileReference; includeInIndex = 1; lastKnownFileType = sourcecode.swift; path = MarkdownExportClient.swift; sourceTree = "<group>"; };
		DC70B03F528B2C69AA9ED812 /* Orbit.app */ = {isa = PBXFileReference; explicitFileType = wrapper.application; includeInIndex = 0; path = Orbit.app; sourceTree = BUILT_PRODUCTS_DIR; };
		E1A4D2F13A84C55B97F0AA11 /* TaskRowView.swift */ = {isa = PBXFileReference; includeInIndex = 1; lastKnownFileType = sourcecode.swift; path = TaskRowView.swift; sourceTree = "<group>"; };
		F4F88D4E1F70F7B6FB8EFDDC /* WorkspaceView.swift */ = {isa = PBXFileReference; includeInIndex = 1; lastKnownFileType = sourcecode.swift; path = WorkspaceView.swift; sourceTree = "<group>"; };
		F60A9C526798D1F4E7B8615C /* MarkdownEditingCore.swift */ = {isa = PBXFileReference; includeInIndex = 1; lastKnownFileType = sourcecode.swift; path = MarkdownEditingCore.swift; sourceTree = "<group>"; };
		F647314B9140B90A4D91A1FE /* Schema.swift */ = {isa = PBXFileReference; includeInIndex = 1; lastKnownFileType = sourcecode.swift; path = Schema.swift; sourceTree = "<group>"; };
		F6A0366521FB1CC140F62320 /* HotkeyManager.swift */ = {isa = PBXFileReference; includeInIndex = 1; lastKnownFileType = sourcecode.swift; path = HotkeyManager.swift; sourceTree = "<group>"; };
		FD45782742C5B3180A06E9EE /* App.swift */ = {isa = PBXFileReference; includeInIndex = 1; lastKnownFileType = sourcecode.swift; path = App.swift; sourceTree = "<group>"; };
		FDC3E60A795D51747E39D007 /* OrbitButtonStyles.swift */ = {isa = PBXFileReference; includeInIndex = 1; lastKnownFileType = sourcecode.swift; path = OrbitButtonStyles.swift; sourceTree = "<group>"; };
/* End PBXFileReference section */

/* Begin PBXFrameworksBuildPhase section */
		343EF250862A705649ED23BB /* Frameworks */ = {
			isa = PBXFrameworksBuildPhase;
			buildActionMask = 2147483647;
			files = (
				1648677C96E755210B40B545 /* Cocoa.framework in Frameworks */,
				510A3D49BF048B5454665B17 /* ComposableArchitecture in Frameworks */,
				AB6C444405882E05AADED0C9 /* CasePaths in Frameworks */,
				8555587D3F4BEDE136D3B3D2 /* Dependencies in Frameworks */,
				7CA2F5C988DE8FFFCF264367 /* SQLiteData in Frameworks */,
				7B5C28F45D9E184E171F6FC2 /* StructuredQueries in Frameworks */,
				F0A1B2C3D4E5F60718293A4B /* Flow in Frameworks */,
			);
			runOnlyForDeploymentPostprocessing = 0;
		};
/* End PBXFrameworksBuildPhase section */

/* Begin PBXGroup section */
		36A4DAFAAD04A70CAFF19B7B /* Resources */ = {
			isa = PBXGroup;
			children = (
				9589E10F327CF6C7BCA98486 /* Assets.xcassets */,
			);
			path = Resources;
			sourceTree = "<group>";
		};
		4CD45FD8A10F96BCA35D64B8 /* OS X */ = {
			isa = PBXGroup;
			children = (
				40539519CA0DC39A10932103 /* Cocoa.framework */,
			);
			name = "OS X";
			sourceTree = "<group>";
		};
		4E7306FD5537C1CE4A3EA528 /* MenuBarFeature */ = {
			isa = PBXGroup;
			children = (
				6F44EC4CCDFA295B81FFEDF3 /* MenuBarView.swift */,
			);
			path = MenuBarFeature;
			sourceTree = "<group>";
		};
		514FFC5756A823413452FB24 /* Products */ = {
			isa = PBXGroup;
			children = (
				DC70B03F528B2C69AA9ED812 /* Orbit.app */,
			);
			name = Products;
			sourceTree = "<group>";
		};
		5237878ED1375E65C64987B7 = {
			isa = PBXGroup;
			children = (
				514FFC5756A823413452FB24 /* Products */,
				EE2408C857E0647D5F9208EA /* Frameworks */,
				996616A39D66EE1A5B049447 /* Sources */,
				36A4DAFAAD04A70CAFF19B7B /* Resources */,
			);
			sourceTree = "<group>";
		};
		81FDE7F96248D28C065316A7 /* Shared */ = {
			isa = PBXGroup;
			children = (
				88312D129C5CA0F27CBCF28F /* FocusDomain.swift */,
				C23484D86A339BABFCE21B79 /* HotkeyHint.swift */,
				F60A9C526798D1F4E7B8615C /* MarkdownEditingCore.swift */,
				B8D965877A754D1CD6916D76 /* MarkdownFormattingBar.swift */,
				8C50C0AF4229125CAF4C6A99 /* MarkdownSourceTextView.swift */,
				FDC3E60A795D51747E39D007 /* OrbitButtonStyles.swift */,
				66F7DAB48B777F1E13ABC150 /* OrbitSpaceBackground.swift */,
				C9F8E410B2A64D71AEB35C09 /* OrbitToastView.swift */,
				1BFED63E38C932C97DD8C809 /* QuickCapturePanelController.swift */,
			);
			path = Shared;
			sourceTree = "<group>";
		};
		831FC8A49ED0D9C9504B99CE /* OrbitApp */ = {
			isa = PBXGroup;
			children = (
				FD45782742C5B3180A06E9EE /* App.swift */,
				0B976253DEEE87CEF658191F /* AppFeature.swift */,
				F9AA0DBB2391D047BB8070EC /* Dependencies */,
				4E7306FD5537C1CE4A3EA528 /* MenuBarFeature */,
				B932C15A3FF09684DFB12B49 /* Persistence */,
				D29FEC83C70DEC6B841FF701 /* QuickCaptureFeature */,
				F647314B9140B90A4D91A1FE /* Schema.swift */,
				81FDE7F96248D28C065316A7 /* Shared */,
				C83D2FC61A7E199793B2880E /* WorkspaceFeature */,
			);
			path = OrbitApp;
			sourceTree = "<group>";
		};
		996616A39D66EE1A5B049447 /* Sources */ = {
			isa = PBXGroup;
			children = (
				831FC8A49ED0D9C9504B99CE /* OrbitApp */,
			);
			path = Sources;
			sourceTree = "<group>";
		};
		B932C15A3FF09684DFB12B49 /* Persistence */ = {
			isa = PBXGroup;
			children = (
				6C539D5AC9B61A2745598F2C /* Models.swift */,
			);
			path = Persistence;
			sourceTree = "<group>";
		};
		C83D2FC61A7E199793B2880E /* WorkspaceFeature */ = {
			isa = PBXGroup;
			children = (
				9A3F18B72E6011D700000001 /* HistoryTaskRowView.swift */,
				2740EBBEC4BEB38C2A7E3164 /* SessionPageView.swift */,
				9A3F18B62E6011D700000001 /* SessionHistoryBrowserSupport.swift */,
				A1C38E14B5D64F9A87C0E112 /* SessionTaskFilterBarView.swift */,
				E1A4D2F13A84C55B97F0AA11 /* TaskRowView.swift */,
				F4F88D4E1F70F7B6FB8EFDDC /* WorkspaceView.swift */,
			);
			path = WorkspaceFeature;
			sourceTree = "<group>";
		};
		D29FEC83C70DEC6B841FF701 /* QuickCaptureFeature */ = {
			isa = PBXGroup;
			children = (
				119D9CC13DB5BBE6A54B8DF5 /* QuickCaptureView.swift */,
			);
			path = QuickCaptureFeature;
			sourceTree = "<group>";
		};
		EE2408C857E0647D5F9208EA /* Frameworks */ = {
			isa = PBXGroup;
			children = (
				4CD45FD8A10F96BCA35D64B8 /* OS X */,
			);
			name = Frameworks;
			sourceTree = "<group>";
		};
		F9AA0DBB2391D047BB8070EC /* Dependencies */ = {
			isa = PBXGroup;
			children = (
				AAB6775658599F836CBD40C4 /* FocusRepository.swift */,
				F6A0366521FB1CC140F62320 /* HotkeyManager.swift */,
				0BF187644B7FBFA30F89A5C8 /* HotkeySettingsClient.swift */,
				35F269DC84311AEF962A906A /* InactivityClient.swift */,
				CC36E74A03098D2843A1524B /* MarkdownExportClient.swift */,
			);
			path = Dependencies;
			sourceTree = "<group>";
		};
/* End PBXGroup section */

/* Begin PBXNativeTarget section */
		D5AFD5ECD954E79D19FE5594 /* Orbit */ = {
			isa = PBXNativeTarget;
			buildConfigurationList = 333A124AC48A2F82B8899AA7 /* Build configuration list for PBXNativeTarget "Orbit" */;
			buildPhases = (
				0F3CFBEA201BA52A9347A351 /* Sources */,
				343EF250862A705649ED23BB /* Frameworks */,
				7ADC0D1E32E61983A0524659 /* Resources */,
			);
			buildRules = (
			);
			dependencies = (
				C16A0CD2B314C182E4BEE116 /* PBXTargetDependency */,
				0E10C950B8CBD91E9468B34C /* PBXTargetDependency */,
				60E62E5FF00A5B2EB60B198C /* PBXTargetDependency */,
				008CFACC628BAA4C1E889833 /* PBXTargetDependency */,
				D67F237D1AB16168F3EC7B1B /* PBXTargetDependency */,
				F0A1B2C3D4E5F60718293A4D /* PBXTargetDependency */,
			);
			name = Orbit;
			packageProductDependencies = (
				44492BB61285D2CADF1D3884 /* ComposableArchitecture */,
				B9B5F3AE02A9EAB3B0B47FC3 /* CasePaths */,
				C1F90FC1C0C31122E35D4F73 /* Dependencies */,
				3AAF415269A2878FE0A31517 /* SQLiteData */,
				D3A4FF2A734D6E1A1CCB5E7C /* StructuredQueries */,
				F0A1B2C3D4E5F60718293A4C /* Flow */,
			);
			productName = Orbit;
			productReference = DC70B03F528B2C69AA9ED812 /* Orbit.app */;
			productType = "com.apple.product-type.application";
		};
/* End PBXNativeTarget section */

/* Begin PBXProject section */
		644B92E60FA57CF80CFD80D7 /* Project object */ = {
			isa = PBXProject;
			attributes = {
				BuildIndependentTargetsInParallel = YES;
				LastSwiftUpdateCheck = 1300;
				LastUpgradeCheck = 2630;
			};
			buildConfigurationList = 49D69A10863BBC2F992FAC1F /* Build configuration list for PBXProject "Orbit" */;
			compatibilityVersion = "Xcode 3.2";
			developmentRegion = en;
			hasScannedForEncodings = 0;
			knownRegions = (
				en,
				Base,
			);
			mainGroup = 5237878ED1375E65C64987B7;
			packageReferences = (
				E8036A8EC6E2BCC91769A56D /* XCRemoteSwiftPackageReference "swift-composable-architecture" */,
				CB2704642CDBA57F9A97A9DA /* XCRemoteSwiftPackageReference "swift-case-paths" */,
				AA98A25D73F7F7F2EC1B04FD /* XCRemoteSwiftPackageReference "swift-dependencies" */,
				0723F2B9EDC6B28633054F3B /* XCRemoteSwiftPackageReference "sqlite-data" */,
				8E3DE50D2E9275D5D3588761 /* XCRemoteSwiftPackageReference "swift-structured-queries" */,
				F0A1B2C3D4E5F60718293A4E /* XCRemoteSwiftPackageReference "SwiftUI-Flow" */,
			);
			productRefGroup = 514FFC5756A823413452FB24 /* Products */;
			projectDirPath = "";
			projectRoot = "";
			targets = (
				D5AFD5ECD954E79D19FE5594 /* Orbit */,
			);
		};
/* End PBXProject section */

/* Begin PBXResourcesBuildPhase section */
		7ADC0D1E32E61983A0524659 /* Resources */ = {
			isa = PBXResourcesBuildPhase;
			buildActionMask = 2147483647;
			files = (
				8184011CBB40FF439A2FADC0 /* Assets.xcassets in Resources */,
			);
			runOnlyForDeploymentPostprocessing = 0;
		};
/* End PBXResourcesBuildPhase section */

/* Begin PBXSourcesBuildPhase section */
		0F3CFBEA201BA52A9347A351 /* Sources */ = {
			isa = PBXSourcesBuildPhase;
			buildActionMask = 2147483647;
			files = (
				5D9BCD66DCAE6DE5376C3393 /* App.swift in Sources */,
				C5F44C028A93DA20427BACCE /* AppFeature.swift in Sources */,
				64E6437C65D8B82F9E6BA576 /* FocusRepository.swift in Sources */,
				18071E49E8F5275C196D0F48 /* HotkeyManager.swift in Sources */,
				3040F4F279F0358D23F1BA92 /* HotkeySettingsClient.swift in Sources */,
				F1C3716C6DB7F4A0E45A4840 /* InactivityClient.swift in Sources */,
				A4B4B69DDCEF26B1A3F4998A /* MarkdownExportClient.swift in Sources */,
				6D82F121BC31112CEBD1F9B5 /* MenuBarView.swift in Sources */,
				B58893B59D3CCFCD6A37589C /* Models.swift in Sources */,
				3FE62E41E35956AD6FA0CC99 /* QuickCaptureView.swift in Sources */,
				B6A3A2B569277402C4E3B228 /* Schema.swift in Sources */,
				C25523DE190914A0EEAC223E /* FocusDomain.swift in Sources */,
				C1941AAA53B6E6A12C5F3D8F /* HotkeyHint.swift in Sources */,
				CF6FD4FB57612D275C562C55 /* MarkdownEditingCore.swift in Sources */,
				1EAC93A0DCC35E3ACFEFD029 /* MarkdownFormattingBar.swift in Sources */,
				8EDFE4861A5383A70956B635 /* MarkdownSourceTextView.swift in Sources */,
				96CC123BA8B91E42BD24988B /* OrbitButtonStyles.swift in Sources */,
				1286FD6FED5E76D6BDD64FD2 /* OrbitSpaceBackground.swift in Sources */,
				A7B91C22D4E74FB2A9C1D113 /* OrbitToastView.swift in Sources */,
				014513AE2CD58CE20D97A2F3 /* QuickCapturePanelController.swift in Sources */,
				B4FC2B004887F046D550D8F4 /* SessionPageView.swift in Sources */,
				9A3F18B42E6011D700000001 /* SessionHistoryBrowserSupport.swift in Sources */,
				A1C38E14B5D64F9A87C0E113 /* SessionTaskFilterBarView.swift in Sources */,
				E1A4D2F03A84C55B97F0AA11 /* TaskRowView.swift in Sources */,
				9A3F18B52E6011D700000001 /* HistoryTaskRowView.swift in Sources */,
				A91044BC5CD8B609A747ECEE /* WorkspaceView.swift in Sources */,
			);
			runOnlyForDeploymentPostprocessing = 0;
		};
/* End PBXSourcesBuildPhase section */

/* Begin PBXTargetDependency section */
		008CFACC628BAA4C1E889833 /* PBXTargetDependency */ = {
			isa = PBXTargetDependency;
			productRef = 3AAF415269A2878FE0A31517 /* SQLiteData */;
		};
		0E10C950B8CBD91E9468B34C /* PBXTargetDependency */ = {
			isa = PBXTargetDependency;
			productRef = B9B5F3AE02A9EAB3B0B47FC3 /* CasePaths */;
		};
		60E62E5FF00A5B2EB60B198C /* PBXTargetDependency */ = {
			isa = PBXTargetDependency;
			productRef = C1F90FC1C0C31122E35D4F73 /* Dependencies */;
		};
		C16A0CD2B314C182E4BEE116 /* PBXTargetDependency */ = {
			isa = PBXTargetDependency;
			productRef = 44492BB61285D2CADF1D3884 /* ComposableArchitecture */;
		};
		D67F237D1AB16168F3EC7B1B /* PBXTargetDependency */ = {
			isa = PBXTargetDependency;
			productRef = D3A4FF2A734D6E1A1CCB5E7C /* StructuredQueries */;
		};
		F0A1B2C3D4E5F60718293A4D /* PBXTargetDependency */ = {
			isa = PBXTargetDependency;
			productRef = F0A1B2C3D4E5F60718293A4C /* Flow */;
		};
/* End PBXTargetDependency section */

/* Begin XCBuildConfiguration section */
		27D2E14370796CE178D5D9F2 /* Debug */ = {
			isa = XCBuildConfiguration;
			buildSettings = {
				ALWAYS_SEARCH_USER_PATHS = NO;
				ASSETCATALOG_COMPILER_GENERATE_SWIFT_ASSET_SYMBOL_EXTENSIONS = YES;
				CLANG_ANALYZER_NONNULL = YES;
				CLANG_ANALYZER_NUMBER_OBJECT_CONVERSION = YES_AGGRESSIVE;
				CLANG_CXX_LANGUAGE_STANDARD = "gnu++14";
				CLANG_CXX_LIBRARY = "libc++";
				CLANG_ENABLE_MODULES = YES;
				CLANG_ENABLE_OBJC_ARC = YES;
				CLANG_ENABLE_OBJC_WEAK = YES;
				CLANG_WARN_BLOCK_CAPTURE_AUTORELEASING = YES;
				CLANG_WARN_BOOL_CONVERSION = YES;
				CLANG_WARN_COMMA = YES;
				CLANG_WARN_CONSTANT_CONVERSION = YES;
				CLANG_WARN_DEPRECATED_OBJC_IMPLEMENTATIONS = YES;
				CLANG_WARN_DIRECT_OBJC_ISA_USAGE = YES_ERROR;
				CLANG_WARN_DOCUMENTATION_COMMENTS = YES;
				CLANG_WARN_EMPTY_BODY = YES;
				CLANG_WARN_ENUM_CONVERSION = YES;
				CLANG_WARN_INFINITE_RECURSION = YES;
				CLANG_WARN_INT_CONVERSION = YES;
				CLANG_WARN_NON_LITERAL_NULL_CONVERSION = YES;
				CLANG_WARN_OBJC_IMPLICIT_RETAIN_SELF = YES;
				CLANG_WARN_OBJC_LITERAL_CONVERSION = YES;
				CLANG_WARN_OBJC_ROOT_CLASS = YES_ERROR;
				CLANG_WARN_QUOTED_INCLUDE_IN_FRAMEWORK_HEADER = YES;
				CLANG_WARN_RANGE_LOOP_ANALYSIS = YES;
				CLANG_WARN_STRICT_PROTOTYPES = YES;
				CLANG_WARN_SUSPICIOUS_MOVE = YES;
				CLANG_WARN_UNGUARDED_AVAILABILITY = YES_AGGRESSIVE;
				CLANG_WARN_UNREACHABLE_CODE = YES;
				CLANG_WARN__DUPLICATE_METHOD_MATCH = YES;
				COPY_PHASE_STRIP = NO;
				DEAD_CODE_STRIPPING = YES;
				DEBUG_INFORMATION_FORMAT = dwarf;
				ENABLE_STRICT_OBJC_MSGSEND = YES;
				ENABLE_TESTABILITY = YES;
				ENABLE_USER_SCRIPT_SANDBOXING = YES;
				GCC_C_LANGUAGE_STANDARD = gnu11;
				GCC_DYNAMIC_NO_PIC = NO;
				GCC_NO_COMMON_BLOCKS = YES;
				GCC_OPTIMIZATION_LEVEL = 0;
				GCC_PREPROCESSOR_DEFINITIONS = (
					"DEBUG=1",
					"$(inherited)",
				);
				GCC_WARN_64_TO_32_BIT_CONVERSION = YES;
				GCC_WARN_ABOUT_RETURN_TYPE = YES_ERROR;
				GCC_WARN_UNDECLARED_SELECTOR = YES;
				GCC_WARN_UNINITIALIZED_AUTOS = YES_AGGRESSIVE;
				GCC_WARN_UNUSED_FUNCTION = YES;
				GCC_WARN_UNUSED_VARIABLE = YES;
				MACOSX_DEPLOYMENT_TARGET = 14.0;
				MTL_ENABLE_DEBUG_INFO = INCLUDE_SOURCE;
				MTL_FAST_MATH = YES;
				ONLY_ACTIVE_ARCH = YES;
				PRODUCT_NAME = "$(TARGET_NAME)";
				STRING_CATALOG_GENERATE_SYMBOLS = YES;
				SWIFT_ACTIVE_COMPILATION_CONDITIONS = DEBUG;
				SWIFT_OPTIMIZATION_LEVEL = "-Onone";
				SWIFT_VERSION = 6.0;
			};
			name = Debug;
		};
		6E81EF3A8016BF01B836BCA9 /* Release */ = {
			isa = XCBuildConfiguration;
			buildSettings = {
				ASSETCATALOG_COMPILER_APPICON_NAME = AppIcon;
				ASSETCATALOG_COMPILER_GLOBAL_ACCENT_COLOR_NAME = AccentColor;
				CODE_SIGN_STYLE = Automatic;
				COMBINE_HIDPI_IMAGES = YES;
				CURRENT_PROJECT_VERSION = 1;
				DEAD_CODE_STRIPPING = YES;
				ENABLE_HARDENED_RUNTIME = YES;
				GENERATE_INFOPLIST_FILE = YES;
				INFOPLIST_KEY_CFBundleDisplayName = Orbit;
				INFOPLIST_KEY_LSApplicationCategoryType = "public.app-category.productivity";
				INFOPLIST_KEY_LSUIElement = NO;
				INFOPLIST_KEY_NSHumanReadableCopyright = "Copyright © 2026 Orbit";
				LD_RUNPATH_SEARCH_PATHS = (
					"$(inherited)",
					"@executable_path/../Frameworks",
				);
				MACOSX_DEPLOYMENT_TARGET = 14.0;
				MARKETING_VERSION = 1.0;
				PRODUCT_BUNDLE_IDENTIFIER = com.smiller.orbit;
				PRODUCT_NAME = Orbit;
				SDKROOT = macosx;
				SWIFT_EMIT_LOC_STRINGS = YES;
				SWIFT_VERSION = 6.0;
			};
			name = Release;
		};
		901279EA3F2897B8172F9823 /* Debug */ = {
			isa = XCBuildConfiguration;
			buildSettings = {
				ASSETCATALOG_COMPILER_APPICON_NAME = AppIcon;
				ASSETCATALOG_COMPILER_GLOBAL_ACCENT_COLOR_NAME = AccentColor;
				CODE_SIGN_STYLE = Automatic;
				COMBINE_HIDPI_IMAGES = YES;
				CURRENT_PROJECT_VERSION = 1;
				DEAD_CODE_STRIPPING = YES;
				ENABLE_HARDENED_RUNTIME = YES;
				GENERATE_INFOPLIST_FILE = YES;
				INFOPLIST_KEY_CFBundleDisplayName = Orbit;
				INFOPLIST_KEY_LSApplicationCategoryType = "public.app-category.productivity";
				INFOPLIST_KEY_LSUIElement = NO;
				INFOPLIST_KEY_NSHumanReadableCopyright = "Copyright © 2026 Orbit";
				LD_RUNPATH_SEARCH_PATHS = (
					"$(inherited)",
					"@executable_path/../Frameworks",
				);
				MACOSX_DEPLOYMENT_TARGET = 14.0;
				MARKETING_VERSION = 1.0;
				PRODUCT_BUNDLE_IDENTIFIER = com.smiller.orbit;
				PRODUCT_NAME = Orbit;
				SDKROOT = macosx;
				SWIFT_EMIT_LOC_STRINGS = YES;
				SWIFT_VERSION = 6.0;
			};
			name = Debug;
		};
		CE7A894EE1D1C71B330CDD7C /* Release */ = {
			isa = XCBuildConfiguration;
			buildSettings = {
				ALWAYS_SEARCH_USER_PATHS = NO;
				ASSETCATALOG_COMPILER_GENERATE_SWIFT_ASSET_SYMBOL_EXTENSIONS = YES;
				CLANG_ANALYZER_NONNULL = YES;
				CLANG_ANALYZER_NUMBER_OBJECT_CONVERSION = YES_AGGRESSIVE;
				CLANG_CXX_LANGUAGE_STANDARD = "gnu++14";
				CLANG_CXX_LIBRARY = "libc++";
				CLANG_ENABLE_MODULES = YES;
				CLANG_ENABLE_OBJC_ARC = YES;
				CLANG_ENABLE_OBJC_WEAK = YES;
				CLANG_WARN_BLOCK_CAPTURE_AUTORELEASING = YES;
				CLANG_WARN_BOOL_CONVERSION = YES;
				CLANG_WARN_COMMA = YES;
				CLANG_WARN_CONSTANT_CONVERSION = YES;
				CLANG_WARN_DEPRECATED_OBJC_IMPLEMENTATIONS = YES;
				CLANG_WARN_DIRECT_OBJC_ISA_USAGE = YES_ERROR;
				CLANG_WARN_DOCUMENTATION_COMMENTS = YES;
				CLANG_WARN_EMPTY_BODY = YES;
				CLANG_WARN_ENUM_CONVERSION = YES;
				CLANG_WARN_INFINITE_RECURSION = YES;
				CLANG_WARN_INT_CONVERSION = YES;
				CLANG_WARN_NON_LITERAL_NULL_CONVERSION = YES;
				CLANG_WARN_OBJC_IMPLICIT_RETAIN_SELF = YES;
				CLANG_WARN_OBJC_LITERAL_CONVERSION = YES;
				CLANG_WARN_OBJC_ROOT_CLASS = YES_ERROR;
				CLANG_WARN_QUOTED_INCLUDE_IN_FRAMEWORK_HEADER = YES;
				CLANG_WARN_RANGE_LOOP_ANALYSIS = YES;
				CLANG_WARN_STRICT_PROTOTYPES = YES;
				CLANG_WARN_SUSPICIOUS_MOVE = YES;
				CLANG_WARN_UNGUARDED_AVAILABILITY = YES_AGGRESSIVE;
				CLANG_WARN_UNREACHABLE_CODE = YES;
				CLANG_WARN__DUPLICATE_METHOD_MATCH = YES;
				COPY_PHASE_STRIP = NO;
				DEAD_CODE_STRIPPING = YES;
				DEBUG_INFORMATION_FORMAT = "dwarf-with-dsym";
				ENABLE_NS_ASSERTIONS = NO;
				ENABLE_STRICT_OBJC_MSGSEND = YES;
				ENABLE_USER_SCRIPT_SANDBOXING = YES;
				GCC_C_LANGUAGE_STANDARD = gnu11;
				GCC_NO_COMMON_BLOCKS = YES;
				GCC_WARN_64_TO_32_BIT_CONVERSION = YES;
				GCC_WARN_ABOUT_RETURN_TYPE = YES_ERROR;
				GCC_WARN_UNDECLARED_SELECTOR = YES;
				GCC_WARN_UNINITIALIZED_AUTOS = YES_AGGRESSIVE;
				GCC_WARN_UNUSED_FUNCTION = YES;
				GCC_WARN_UNUSED_VARIABLE = YES;
				MACOSX_DEPLOYMENT_TARGET = 14.0;
				MTL_ENABLE_DEBUG_INFO = NO;
				MTL_FAST_MATH = YES;
				PRODUCT_NAME = "$(TARGET_NAME)";
				STRING_CATALOG_GENERATE_SYMBOLS = YES;
				SWIFT_COMPILATION_MODE = wholemodule;
				SWIFT_OPTIMIZATION_LEVEL = "-O";
				SWIFT_VERSION = 6.0;
			};
			name = Release;
		};
/* End XCBuildConfiguration section */

/* Begin XCConfigurationList section */
		333A124AC48A2F82B8899AA7 /* Build configuration list for PBXNativeTarget "Orbit" */ = {
			isa = XCConfigurationList;
			buildConfigurations = (
				6E81EF3A8016BF01B836BCA9 /* Release */,
				901279EA3F2897B8172F9823 /* Debug */,
			);
			defaultConfigurationIsVisible = 0;
			defaultConfigurationName = Release;
		};
		49D69A10863BBC2F992FAC1F /* Build configuration list for PBXProject "Orbit" */ = {
			isa = XCConfigurationList;
			buildConfigurations = (
				27D2E14370796CE178D5D9F2 /* Debug */,
				CE7A894EE1D1C71B330CDD7C /* Release */,
			);
			defaultConfigurationIsVisible = 0;
			defaultConfigurationName = Release;
		};
/* End XCConfigurationList section */

/* Begin XCRemoteSwiftPackageReference section */
		0723F2B9EDC6B28633054F3B /* XCRemoteSwiftPackageReference "sqlite-data" */ = {
			isa = XCRemoteSwiftPackageReference;
			repositoryURL = "https://github.com/pointfreeco/sqlite-data";
			requirement = {
				kind = upToNextMajorVersion;
				minimumVersion = 1.0.0;
			};
		};
		8E3DE50D2E9275D5D3588761 /* XCRemoteSwiftPackageReference "swift-structured-queries" */ = {
			isa = XCRemoteSwiftPackageReference;
			repositoryURL = "https://github.com/pointfreeco/swift-structured-queries";
			requirement = {
				kind = upToNextMajorVersion;
				minimumVersion = 0.1.0;
			};
		};
		AA98A25D73F7F7F2EC1B04FD /* XCRemoteSwiftPackageReference "swift-dependencies" */ = {
			isa = XCRemoteSwiftPackageReference;
			repositoryURL = "https://github.com/pointfreeco/swift-dependencies";
			requirement = {
				kind = upToNextMajorVersion;
				minimumVersion = 1.8.0;
			};
		};
		CB2704642CDBA57F9A97A9DA /* XCRemoteSwiftPackageReference "swift-case-paths" */ = {
			isa = XCRemoteSwiftPackageReference;
			repositoryURL = "https://github.com/pointfreeco/swift-case-paths";
			requirement = {
				kind = upToNextMajorVersion;
				minimumVersion = 1.5.0;
			};
		};
		E8036A8EC6E2BCC91769A56D /* XCRemoteSwiftPackageReference "swift-composable-architecture" */ = {
			isa = XCRemoteSwiftPackageReference;
			repositoryURL = "https://github.com/pointfreeco/swift-composable-architecture";
			requirement = {
				kind = upToNextMajorVersion;
				minimumVersion = 1.16.0;
			};
		};
		F0A1B2C3D4E5F60718293A4E /* XCRemoteSwiftPackageReference "SwiftUI-Flow" */ = {
			isa = XCRemoteSwiftPackageReference;
			repositoryURL = "https://github.com/tevelee/SwiftUI-Flow.git";
			requirement = {
				kind = upToNextMajorVersion;
				minimumVersion = 3.1.1;
			};
		};
/* End XCRemoteSwiftPackageReference section */

/* Begin XCSwiftPackageProductDependency section */
		3AAF415269A2878FE0A31517 /* SQLiteData */ = {
			isa = XCSwiftPackageProductDependency;
			package = 0723F2B9EDC6B28633054F3B /* XCRemoteSwiftPackageReference "sqlite-data" */;
			productName = SQLiteData;
		};
		44492BB61285D2CADF1D3884 /* ComposableArchitecture */ = {
			isa = XCSwiftPackageProductDependency;
			package = E8036A8EC6E2BCC91769A56D /* XCRemoteSwiftPackageReference "swift-composable-architecture" */;
			productName = ComposableArchitecture;
		};
		B9B5F3AE02A9EAB3B0B47FC3 /* CasePaths */ = {
			isa = XCSwiftPackageProductDependency;
			package = CB2704642CDBA57F9A97A9DA /* XCRemoteSwiftPackageReference "swift-case-paths" */;
			productName = CasePaths;
		};
		C1F90FC1C0C31122E35D4F73 /* Dependencies */ = {
			isa = XCSwiftPackageProductDependency;
			package = AA98A25D73F7F7F2EC1B04FD /* XCRemoteSwiftPackageReference "swift-dependencies" */;
			productName = Dependencies;
		};
		D3A4FF2A734D6E1A1CCB5E7C /* StructuredQueries */ = {
			isa = XCSwiftPackageProductDependency;
			package = 8E3DE50D2E9275D5D3588761 /* XCRemoteSwiftPackageReference "swift-structured-queries" */;
			productName = StructuredQueries;
		};
		F0A1B2C3D4E5F60718293A4C /* Flow */ = {
			isa = XCSwiftPackageProductDependency;
			package = F0A1B2C3D4E5F60718293A4E /* XCRemoteSwiftPackageReference "SwiftUI-Flow" */;
			productName = Flow;
		};
/* End XCSwiftPackageProductDependency section */
	};
	rootObject = 644B92E60FA57CF80CFD80D7 /* Project object */;
}
