// !$*UTF8*$!
{
	archiveVersion = 1;
	classes = {
	};
	objectVersion = 46;
	objects = {

/* Begin PBXBuildFile section */
		06760B2B00EF3D8B258BE1C2 /* SQLiteData in Frameworks */ = {isa = PBXBuildFile; productRef = 4E8AC76DFEA855381F6C474C /* SQLiteData */; };
		0881D489AFEFB15EBF6FB485 /* MarkdownFormattingBar.swift in Sources */ = {isa = PBXBuildFile; fileRef = AE5C74C3754FC31119382C93 /* MarkdownFormattingBar.swift */; };
		0B4FDB73FCDD8FFFA13DA192 /* SessionWindowView.swift in Sources */ = {isa = PBXBuildFile; fileRef = 72FA38383611FC0974F019A4 /* SessionWindowView.swift */; };
		0C8945FFEE220C88253336FA /* QuickCapturePanelController.swift in Sources */ = {isa = PBXBuildFile; fileRef = 76C148A46D9D7585EEC98548 /* QuickCapturePanelController.swift */; };
		0E06E10A26DFF6C1BE6F70BC /* MarkdownEditingCore.swift in Sources */ = {isa = PBXBuildFile; fileRef = 4A541E64D96159E0A16D5718 /* MarkdownEditingCore.swift */; };
		121BC4B1927D4B2F390C5FF5 /* EndSessionPromptView.swift in Sources */ = {isa = PBXBuildFile; fileRef = F5272D304E9A9E50BD7D30D6 /* EndSessionPromptView.swift */; };
		15381A0538975D4A49F81B69 /* AppFeature.swift in Sources */ = {isa = PBXBuildFile; fileRef = 62D2ABC442D1954B49711CB2 /* AppFeature.swift */; };
		1635FAFD0CF1540A250C833A /* MarkdownSourceTextView.swift in Sources */ = {isa = PBXBuildFile; fileRef = ED6B2970D525BC074AF56FE1 /* MarkdownSourceTextView.swift */; };
		21262417AEF3AE8854EEC968 /* InactivityClient.swift in Sources */ = {isa = PBXBuildFile; fileRef = F7ACC35DA9490420F0197069 /* InactivityClient.swift */; };
		38A3AC3AACB349E385FFE58F /* HotkeySettingsClient.swift in Sources */ = {isa = PBXBuildFile; fileRef = C4C9FB9F4FCD473E1A09ECB0 /* HotkeySettingsClient.swift */; };
		3D26E891A4156B1B02FE6821 /* MenuBarView.swift in Sources */ = {isa = PBXBuildFile; fileRef = EFFD97FDE59A9C384E2B9AD8 /* MenuBarView.swift */; };
		3EC2A16EF1862C05CAA06E64 /* App.swift in Sources */ = {isa = PBXBuildFile; fileRef = FEF1E9EE40633EF50CF3D9B5 /* App.swift */; };
		48242D105C63BAEB48A419F6 /* Models.swift in Sources */ = {isa = PBXBuildFile; fileRef = C7ED86C3CCC0479FE0E01A86 /* Models.swift */; };
		578C902291FE69EF751AC05A /* CasePaths in Frameworks */ = {isa = PBXBuildFile; productRef = 677CD6CCF4B8D2935C03B0D9 /* CasePaths */; };
		6D19E2F6E70542A74C7AFBB7 /* ComposableArchitecture in Frameworks */ = {isa = PBXBuildFile; productRef = EE9FABAD638532832138E0DD /* ComposableArchitecture */; };
		89BA19A3AC1863F1AE62F966 /* FocusDomain.swift in Sources */ = {isa = PBXBuildFile; fileRef = CFE66F81A22F8C78B2A537DB /* FocusDomain.swift */; };
		8B8DC6A3D6E739D3C68A15FC /* HotkeyManager.swift in Sources */ = {isa = PBXBuildFile; fileRef = 7C50B3332DFA282B224845E3 /* HotkeyManager.swift */; };
		9054A1A89A443F14EC894568 /* Assets.xcassets in Resources */ = {isa = PBXBuildFile; fileRef = 5DC93CE7EA5E9CABA165BA12 /* Assets.xcassets */; };
		9319F23BAD0A0779A17FE699 /* OrbitSettingsView.swift in Sources */ = {isa = PBXBuildFile; fileRef = 1F51DB8DB6B670007876D1CD /* OrbitSettingsView.swift */; };
		9BCD0964E622813296F1494A /* HotkeyHint.swift in Sources */ = {isa = PBXBuildFile; fileRef = AE457EF366E52D98AC2B5A8E /* HotkeyHint.swift */; };
		A2338B8F2C7ECF38ACC556A8 /* Cocoa.framework in Frameworks */ = {isa = PBXBuildFile; fileRef = EE5B19097C89A9307058B646 /* Cocoa.framework */; };
		A692CA4C11BA7789FB309540 /* OrbitButtonStyles.swift in Sources */ = {isa = PBXBuildFile; fileRef = CC481794266F6D8A7A8B0456 /* OrbitButtonStyles.swift */; };
		A967BE8723A7A83EDC1D30F3 /* Schema.swift in Sources */ = {isa = PBXBuildFile; fileRef = 67D9727329FFB3B871349B17 /* Schema.swift */; };
		C2C9393308A4A129F7CA1912 /* MarkdownExportClient.swift in Sources */ = {isa = PBXBuildFile; fileRef = 22ABC81FA6E26F34B22371B4 /* MarkdownExportClient.swift */; };
		C7633366D190620BF7B842F3 /* Dependencies in Frameworks */ = {isa = PBXBuildFile; productRef = 85FA2F0D5908F169E51AC398 /* Dependencies */; };
		C7EC73B9CFEA1DCA8571DDD5 /* QuickCaptureView.swift in Sources */ = {isa = PBXBuildFile; fileRef = 4E9C9B54F65895BD24B04F9B /* QuickCaptureView.swift */; };
		E4799AE3D9E389D96948A9B7 /* StructuredQueries in Frameworks */ = {isa = PBXBuildFile; productRef = B15C3FAE01E8282D33D4802D /* StructuredQueries */; };
		E49896050E160DFC5986B1E3 /* FocusRepository.swift in Sources */ = {isa = PBXBuildFile; fileRef = 3824F108F43EE0EE73979D9D /* FocusRepository.swift */; };
/* End PBXBuildFile section */

/* Begin PBXFileReference section */
		1F51DB8DB6B670007876D1CD /* OrbitSettingsView.swift */ = {isa = PBXFileReference; includeInIndex = 1; lastKnownFileType = sourcecode.swift; path = OrbitSettingsView.swift; sourceTree = "<group>"; };
		22ABC81FA6E26F34B22371B4 /* MarkdownExportClient.swift */ = {isa = PBXFileReference; includeInIndex = 1; lastKnownFileType = sourcecode.swift; path = MarkdownExportClient.swift; sourceTree = "<group>"; };
		3824F108F43EE0EE73979D9D /* FocusRepository.swift */ = {isa = PBXFileReference; includeInIndex = 1; lastKnownFileType = sourcecode.swift; path = FocusRepository.swift; sourceTree = "<group>"; };
		4A541E64D96159E0A16D5718 /* MarkdownEditingCore.swift */ = {isa = PBXFileReference; includeInIndex = 1; lastKnownFileType = sourcecode.swift; path = MarkdownEditingCore.swift; sourceTree = "<group>"; };
		4E9C9B54F65895BD24B04F9B /* QuickCaptureView.swift */ = {isa = PBXFileReference; includeInIndex = 1; lastKnownFileType = sourcecode.swift; path = QuickCaptureView.swift; sourceTree = "<group>"; };
		53BB1888E443CBD249B9A944 /* Orbit.app */ = {isa = PBXFileReference; explicitFileType = wrapper.application; includeInIndex = 0; path = Orbit.app; sourceTree = BUILT_PRODUCTS_DIR; };
		5DC93CE7EA5E9CABA165BA12 /* Assets.xcassets */ = {isa = PBXFileReference; includeInIndex = 1; lastKnownFileType = folder.assetcatalog; path = Assets.xcassets; sourceTree = "<group>"; };
		62D2ABC442D1954B49711CB2 /* AppFeature.swift */ = {isa = PBXFileReference; includeInIndex = 1; lastKnownFileType = sourcecode.swift; path = AppFeature.swift; sourceTree = "<group>"; };
		67D9727329FFB3B871349B17 /* Schema.swift */ = {isa = PBXFileReference; includeInIndex = 1; lastKnownFileType = sourcecode.swift; path = Schema.swift; sourceTree = "<group>"; };
		72FA38383611FC0974F019A4 /* SessionWindowView.swift */ = {isa = PBXFileReference; includeInIndex = 1; lastKnownFileType = sourcecode.swift; path = SessionWindowView.swift; sourceTree = "<group>"; };
		76C148A46D9D7585EEC98548 /* QuickCapturePanelController.swift */ = {isa = PBXFileReference; includeInIndex = 1; lastKnownFileType = sourcecode.swift; path = QuickCapturePanelController.swift; sourceTree = "<group>"; };
		7C50B3332DFA282B224845E3 /* HotkeyManager.swift */ = {isa = PBXFileReference; includeInIndex = 1; lastKnownFileType = sourcecode.swift; path = HotkeyManager.swift; sourceTree = "<group>"; };
		AE457EF366E52D98AC2B5A8E /* HotkeyHint.swift */ = {isa = PBXFileReference; includeInIndex = 1; lastKnownFileType = sourcecode.swift; path = HotkeyHint.swift; sourceTree = "<group>"; };
		AE5C74C3754FC31119382C93 /* MarkdownFormattingBar.swift */ = {isa = PBXFileReference; includeInIndex = 1; lastKnownFileType = sourcecode.swift; path = MarkdownFormattingBar.swift; sourceTree = "<group>"; };
		C4C9FB9F4FCD473E1A09ECB0 /* HotkeySettingsClient.swift */ = {isa = PBXFileReference; includeInIndex = 1; lastKnownFileType = sourcecode.swift; path = HotkeySettingsClient.swift; sourceTree = "<group>"; };
		C7ED86C3CCC0479FE0E01A86 /* Models.swift */ = {isa = PBXFileReference; includeInIndex = 1; lastKnownFileType = sourcecode.swift; path = Models.swift; sourceTree = "<group>"; };
		CC481794266F6D8A7A8B0456 /* OrbitButtonStyles.swift */ = {isa = PBXFileReference; includeInIndex = 1; lastKnownFileType = sourcecode.swift; path = OrbitButtonStyles.swift; sourceTree = "<group>"; };
		CFE66F81A22F8C78B2A537DB /* FocusDomain.swift */ = {isa = PBXFileReference; includeInIndex = 1; lastKnownFileType = sourcecode.swift; path = FocusDomain.swift; sourceTree = "<group>"; };
		ED6B2970D525BC074AF56FE1 /* MarkdownSourceTextView.swift */ = {isa = PBXFileReference; includeInIndex = 1; lastKnownFileType = sourcecode.swift; path = MarkdownSourceTextView.swift; sourceTree = "<group>"; };
		EE5B19097C89A9307058B646 /* Cocoa.framework */ = {isa = PBXFileReference; lastKnownFileType = wrapper.framework; name = Cocoa.framework; path = Platforms/MacOSX.platform/Developer/SDKs/MacOSX10.15.sdk/System/Library/Frameworks/Cocoa.framework; sourceTree = DEVELOPER_DIR; };
		EFFD97FDE59A9C384E2B9AD8 /* MenuBarView.swift */ = {isa = PBXFileReference; includeInIndex = 1; lastKnownFileType = sourcecode.swift; path = MenuBarView.swift; sourceTree = "<group>"; };
		F5272D304E9A9E50BD7D30D6 /* EndSessionPromptView.swift */ = {isa = PBXFileReference; includeInIndex = 1; lastKnownFileType = sourcecode.swift; path = EndSessionPromptView.swift; sourceTree = "<group>"; };
		F7ACC35DA9490420F0197069 /* InactivityClient.swift */ = {isa = PBXFileReference; includeInIndex = 1; lastKnownFileType = sourcecode.swift; path = InactivityClient.swift; sourceTree = "<group>"; };
		FEF1E9EE40633EF50CF3D9B5 /* App.swift */ = {isa = PBXFileReference; includeInIndex = 1; lastKnownFileType = sourcecode.swift; path = App.swift; sourceTree = "<group>"; };
/* End PBXFileReference section */

/* Begin PBXFrameworksBuildPhase section */
		C966F4C490E46E13834EB08C /* Frameworks */ = {
			isa = PBXFrameworksBuildPhase;
			buildActionMask = 2147483647;
			files = (
				A2338B8F2C7ECF38ACC556A8 /* Cocoa.framework in Frameworks */,
				6D19E2F6E70542A74C7AFBB7 /* ComposableArchitecture in Frameworks */,
				578C902291FE69EF751AC05A /* CasePaths in Frameworks */,
				C7633366D190620BF7B842F3 /* Dependencies in Frameworks */,
				06760B2B00EF3D8B258BE1C2 /* SQLiteData in Frameworks */,
				E4799AE3D9E389D96948A9B7 /* StructuredQueries in Frameworks */,
			);
			runOnlyForDeploymentPostprocessing = 0;
		};
/* End PBXFrameworksBuildPhase section */

/* Begin PBXGroup section */
		43304813730FB9B38DA9A51B /* MenuBarFeature */ = {
			isa = PBXGroup;
			children = (
				EFFD97FDE59A9C384E2B9AD8 /* MenuBarView.swift */,
			);
			name = MenuBarFeature;
			path = MenuBarFeature;
			sourceTree = "<group>";
		};
		46ACA9BBA6D7B2B303909E38 /* Resources */ = {
			isa = PBXGroup;
			children = (
				5DC93CE7EA5E9CABA165BA12 /* Assets.xcassets */,
			);
			name = Resources;
			path = Resources;
			sourceTree = "<group>";
		};
		46BF0099023961A1DDDE8926 = {
			isa = PBXGroup;
			children = (
				60FBFFE04D3E17871A00C830 /* Products */,
				D5EF873D1480F25303CF1F48 /* Frameworks */,
				789447152611C0B9B0826FD3 /* Sources */,
				46ACA9BBA6D7B2B303909E38 /* Resources */,
			);
			sourceTree = "<group>";
		};
		60FBFFE04D3E17871A00C830 /* Products */ = {
			isa = PBXGroup;
			children = (
				53BB1888E443CBD249B9A944 /* Orbit.app */,
			);
			name = Products;
			sourceTree = "<group>";
		};
		61215F03D3EB63E9365EE4B0 /* OrbitApp */ = {
			isa = PBXGroup;
			children = (
				FEF1E9EE40633EF50CF3D9B5 /* App.swift */,
				62D2ABC442D1954B49711CB2 /* AppFeature.swift */,
				675769964E04E33024FE5087 /* Dependencies */,
				43304813730FB9B38DA9A51B /* MenuBarFeature */,
				1F51DB8DB6B670007876D1CD /* OrbitSettingsView.swift */,
				A54AD9684EADDC215DB17745 /* Persistence */,
				877A67BB5C267AA52FE6EE25 /* QuickCaptureFeature */,
				67D9727329FFB3B871349B17 /* Schema.swift */,
				64E5A464B269F8C19CD1BAF4 /* SessionWindowFeature */,
				A95ABDBE646CC6EAF7A9B84C /* Shared */,
			);
			name = OrbitApp;
			path = OrbitApp;
			sourceTree = "<group>";
		};
		64E5A464B269F8C19CD1BAF4 /* SessionWindowFeature */ = {
			isa = PBXGroup;
			children = (
				72FA38383611FC0974F019A4 /* SessionWindowView.swift */,
			);
			name = SessionWindowFeature;
			path = SessionWindowFeature;
			sourceTree = "<group>";
		};
		675769964E04E33024FE5087 /* Dependencies */ = {
			isa = PBXGroup;
			children = (
				3824F108F43EE0EE73979D9D /* FocusRepository.swift */,
				7C50B3332DFA282B224845E3 /* HotkeyManager.swift */,
				C4C9FB9F4FCD473E1A09ECB0 /* HotkeySettingsClient.swift */,
				F7ACC35DA9490420F0197069 /* InactivityClient.swift */,
				22ABC81FA6E26F34B22371B4 /* MarkdownExportClient.swift */,
			);
			name = Dependencies;
			path = Dependencies;
			sourceTree = "<group>";
		};
		789447152611C0B9B0826FD3 /* Sources */ = {
			isa = PBXGroup;
			children = (
				61215F03D3EB63E9365EE4B0 /* OrbitApp */,
			);
			name = Sources;
			path = Sources;
			sourceTree = "<group>";
		};
		877A67BB5C267AA52FE6EE25 /* QuickCaptureFeature */ = {
			isa = PBXGroup;
			children = (
				4E9C9B54F65895BD24B04F9B /* QuickCaptureView.swift */,
			);
			name = QuickCaptureFeature;
			path = QuickCaptureFeature;
			sourceTree = "<group>";
		};
		8854B27844EA6DEC30F7B191 /* OS X */ = {
			isa = PBXGroup;
			children = (
				EE5B19097C89A9307058B646 /* Cocoa.framework */,
			);
			name = "OS X";
			sourceTree = "<group>";
		};
		A54AD9684EADDC215DB17745 /* Persistence */ = {
			isa = PBXGroup;
			children = (
				C7ED86C3CCC0479FE0E01A86 /* Models.swift */,
			);
			name = Persistence;
			path = Persistence;
			sourceTree = "<group>";
		};
		A95ABDBE646CC6EAF7A9B84C /* Shared */ = {
			isa = PBXGroup;
			children = (
				F5272D304E9A9E50BD7D30D6 /* EndSessionPromptView.swift */,
				CFE66F81A22F8C78B2A537DB /* FocusDomain.swift */,
				AE457EF366E52D98AC2B5A8E /* HotkeyHint.swift */,
				4A541E64D96159E0A16D5718 /* MarkdownEditingCore.swift */,
				AE5C74C3754FC31119382C93 /* MarkdownFormattingBar.swift */,
				ED6B2970D525BC074AF56FE1 /* MarkdownSourceTextView.swift */,
				CC481794266F6D8A7A8B0456 /* OrbitButtonStyles.swift */,
				76C148A46D9D7585EEC98548 /* QuickCapturePanelController.swift */,
			);
			name = Shared;
			path = Shared;
			sourceTree = "<group>";
		};
		D5EF873D1480F25303CF1F48 /* Frameworks */ = {
			isa = PBXGroup;
			children = (
				8854B27844EA6DEC30F7B191 /* OS X */,
			);
			name = Frameworks;
			sourceTree = "<group>";
		};
/* End PBXGroup section */

/* Begin PBXNativeTarget section */
		0DA7B243FC05E48BFAB7D6A4 /* Orbit */ = {
			isa = PBXNativeTarget;
			buildConfigurationList = 6299C1CDB80FBFF510D6C986 /* Build configuration list for PBXNativeTarget "Orbit" */;
			buildPhases = (
				E02C1892394DA8134A4DB662 /* Sources */,
				C966F4C490E46E13834EB08C /* Frameworks */,
				8A4AA89BC65B006DF83FB395 /* Resources */,
			);
			buildRules = (
			);
			dependencies = (
				F9586D0C34DA392B5AA72412 /* PBXTargetDependency */,
				4CBB68522F3225518AD520B9 /* PBXTargetDependency */,
				C98841029E7189CF45108F81 /* PBXTargetDependency */,
				FC957F5E28FD90B77A97EBB0 /* PBXTargetDependency */,
				7D3F3BBB178E0BA362DB5DBF /* PBXTargetDependency */,
			);
			name = Orbit;
			packageProductDependencies = (
				EE9FABAD638532832138E0DD /* ComposableArchitecture */,
				677CD6CCF4B8D2935C03B0D9 /* CasePaths */,
				85FA2F0D5908F169E51AC398 /* Dependencies */,
				4E8AC76DFEA855381F6C474C /* SQLiteData */,
				B15C3FAE01E8282D33D4802D /* StructuredQueries */,
			);
			productName = Orbit;
			productReference = 53BB1888E443CBD249B9A944 /* Orbit.app */;
			productType = "com.apple.product-type.application";
		};
/* End PBXNativeTarget section */

/* Begin PBXProject section */
		3A90612B159B54453185C770 /* Project object */ = {
			isa = PBXProject;
			attributes = {
				LastSwiftUpdateCheck = 1300;
				LastUpgradeCheck = 1300;
			};
			buildConfigurationList = 9283F44900B52C1118EDC287 /* Build configuration list for PBXProject "Orbit" */;
			compatibilityVersion = "Xcode 3.2";
			developmentRegion = en;
			hasScannedForEncodings = 0;
			knownRegions = (
				en,
				Base,
			);
			mainGroup = 46BF0099023961A1DDDE8926;
			packageReferences = (
				944DCDE1A5B48289EA42F118 /* XCRemoteSwiftPackageReference "swift-composable-architecture" */,
				8865C5935F024CEC1ACCC62E /* XCRemoteSwiftPackageReference "swift-case-paths" */,
				72A55E0EF5F59F737EF9E771 /* XCRemoteSwiftPackageReference "swift-dependencies" */,
				18B5C7AB2465D0D73D0D5769 /* XCRemoteSwiftPackageReference "sqlite-data" */,
				909E4117947127E541BD6F08 /* XCRemoteSwiftPackageReference "swift-structured-queries" */,
			);
			productRefGroup = 60FBFFE04D3E17871A00C830 /* Products */;
			projectDirPath = "";
			projectRoot = "";
			targets = (
				0DA7B243FC05E48BFAB7D6A4 /* Orbit */,
			);
		};
/* End PBXProject section */

/* Begin PBXResourcesBuildPhase section */
		8A4AA89BC65B006DF83FB395 /* Resources */ = {
			isa = PBXResourcesBuildPhase;
			buildActionMask = 2147483647;
			files = (
				9054A1A89A443F14EC894568 /* Assets.xcassets in Resources */,
			);
			runOnlyForDeploymentPostprocessing = 0;
		};
/* End PBXResourcesBuildPhase section */

/* Begin PBXSourcesBuildPhase section */
		E02C1892394DA8134A4DB662 /* Sources */ = {
			isa = PBXSourcesBuildPhase;
			buildActionMask = 2147483647;
			files = (
				3EC2A16EF1862C05CAA06E64 /* App.swift in Sources */,
				15381A0538975D4A49F81B69 /* AppFeature.swift in Sources */,
				E49896050E160DFC5986B1E3 /* FocusRepository.swift in Sources */,
				8B8DC6A3D6E739D3C68A15FC /* HotkeyManager.swift in Sources */,
				38A3AC3AACB349E385FFE58F /* HotkeySettingsClient.swift in Sources */,
				21262417AEF3AE8854EEC968 /* InactivityClient.swift in Sources */,
				C2C9393308A4A129F7CA1912 /* MarkdownExportClient.swift in Sources */,
				3D26E891A4156B1B02FE6821 /* MenuBarView.swift in Sources */,
				9319F23BAD0A0779A17FE699 /* OrbitSettingsView.swift in Sources */,
				48242D105C63BAEB48A419F6 /* Models.swift in Sources */,
				C7EC73B9CFEA1DCA8571DDD5 /* QuickCaptureView.swift in Sources */,
				A967BE8723A7A83EDC1D30F3 /* Schema.swift in Sources */,
				0B4FDB73FCDD8FFFA13DA192 /* SessionWindowView.swift in Sources */,
				121BC4B1927D4B2F390C5FF5 /* EndSessionPromptView.swift in Sources */,
				89BA19A3AC1863F1AE62F966 /* FocusDomain.swift in Sources */,
				9BCD0964E622813296F1494A /* HotkeyHint.swift in Sources */,
				0E06E10A26DFF6C1BE6F70BC /* MarkdownEditingCore.swift in Sources */,
				0881D489AFEFB15EBF6FB485 /* MarkdownFormattingBar.swift in Sources */,
				1635FAFD0CF1540A250C833A /* MarkdownSourceTextView.swift in Sources */,
				A692CA4C11BA7789FB309540 /* OrbitButtonStyles.swift in Sources */,
				0C8945FFEE220C88253336FA /* QuickCapturePanelController.swift in Sources */,
			);
			runOnlyForDeploymentPostprocessing = 0;
		};
/* End PBXSourcesBuildPhase section */

/* Begin PBXTargetDependency section */
		4CBB68522F3225518AD520B9 /* PBXTargetDependency */ = {
			isa = PBXTargetDependency;
			productRef = 677CD6CCF4B8D2935C03B0D9 /* CasePaths */;
		};
		7D3F3BBB178E0BA362DB5DBF /* PBXTargetDependency */ = {
			isa = PBXTargetDependency;
			productRef = B15C3FAE01E8282D33D4802D /* StructuredQueries */;
		};
		C98841029E7189CF45108F81 /* PBXTargetDependency */ = {
			isa = PBXTargetDependency;
			productRef = 85FA2F0D5908F169E51AC398 /* Dependencies */;
		};
		F9586D0C34DA392B5AA72412 /* PBXTargetDependency */ = {
			isa = PBXTargetDependency;
			productRef = EE9FABAD638532832138E0DD /* ComposableArchitecture */;
		};
		FC957F5E28FD90B77A97EBB0 /* PBXTargetDependency */ = {
			isa = PBXTargetDependency;
			productRef = 4E8AC76DFEA855381F6C474C /* SQLiteData */;
		};
/* End PBXTargetDependency section */

/* Begin XCBuildConfiguration section */
		0AE89701176723ABF5E64304 /* Debug */ = {
			isa = XCBuildConfiguration;
			buildSettings = {
				ALWAYS_SEARCH_USER_PATHS = NO;
				CLANG_ANALYZER_NONNULL = YES;
				CLANG_ANALYZER_NUMBER_OBJECT_CONVERSION = YES_AGGRESSIVE;
				CLANG_CXX_LANGUAGE_STANDARD = "gnu++14";
				CLANG_CXX_LIBRARY = "libc++";
				CLANG_ENABLE_MODULES = YES;
				CLANG_ENABLE_OBJC_ARC = YES;
				CLANG_ENABLE_OBJC_WEAK = YES;
				CLANG_WARN_BLOCK_CAPTURE_AUTORELEASING = YES;
				CLANG_WARN_BOOL_CONVERSION = YES;
				CLANG_WARN_COMMA = YES;
				CLANG_WARN_CONSTANT_CONVERSION = YES;
				CLANG_WARN_DEPRECATED_OBJC_IMPLEMENTATIONS = YES;
				CLANG_WARN_DIRECT_OBJC_ISA_USAGE = YES_ERROR;
				CLANG_WARN_DOCUMENTATION_COMMENTS = YES;
				CLANG_WARN_EMPTY_BODY = YES;
				CLANG_WARN_ENUM_CONVERSION = YES;
				CLANG_WARN_INFINITE_RECURSION = YES;
				CLANG_WARN_INT_CONVERSION = YES;
				CLANG_WARN_NON_LITERAL_NULL_CONVERSION = YES;
				CLANG_WARN_OBJC_IMPLICIT_RETAIN_SELF = YES;
				CLANG_WARN_OBJC_LITERAL_CONVERSION = YES;
				CLANG_WARN_OBJC_ROOT_CLASS = YES_ERROR;
				CLANG_WARN_QUOTED_INCLUDE_IN_FRAMEWORK_HEADER = YES;
				CLANG_WARN_RANGE_LOOP_ANALYSIS = YES;
				CLANG_WARN_STRICT_PROTOTYPES = YES;
				CLANG_WARN_SUSPICIOUS_MOVE = YES;
				CLANG_WARN_UNGUARDED_AVAILABILITY = YES_AGGRESSIVE;
				CLANG_WARN_UNREACHABLE_CODE = YES;
				CLANG_WARN__DUPLICATE_METHOD_MATCH = YES;
				COPY_PHASE_STRIP = NO;
				DEBUG_INFORMATION_FORMAT = dwarf;
				ENABLE_STRICT_OBJC_MSGSEND = YES;
				ENABLE_TESTABILITY = YES;
				GCC_C_LANGUAGE_STANDARD = gnu11;
				GCC_DYNAMIC_NO_PIC = NO;
				GCC_NO_COMMON_BLOCKS = YES;
				GCC_OPTIMIZATION_LEVEL = 0;
				GCC_PREPROCESSOR_DEFINITIONS = (
					"DEBUG=1",
					"$(inherited)",
				);
				GCC_WARN_64_TO_32_BIT_CONVERSION = YES;
				GCC_WARN_ABOUT_RETURN_TYPE = YES_ERROR;
				GCC_WARN_UNDECLARED_SELECTOR = YES;
				GCC_WARN_UNINITIALIZED_AUTOS = YES_AGGRESSIVE;
				GCC_WARN_UNUSED_FUNCTION = YES;
				GCC_WARN_UNUSED_VARIABLE = YES;
				MACOSX_DEPLOYMENT_TARGET = 14.0;
				MTL_ENABLE_DEBUG_INFO = INCLUDE_SOURCE;
				MTL_FAST_MATH = YES;
				ONLY_ACTIVE_ARCH = YES;
				PRODUCT_NAME = "$(TARGET_NAME)";
				SWIFT_ACTIVE_COMPILATION_CONDITIONS = DEBUG;
				SWIFT_OPTIMIZATION_LEVEL = "-Onone";
				SWIFT_VERSION = 6.0;
			};
			name = Debug;
		};
		5C11419187BDA6B49C038803 /* Release */ = {
			isa = XCBuildConfiguration;
			buildSettings = {
				ALWAYS_SEARCH_USER_PATHS = NO;
				CLANG_ANALYZER_NONNULL = YES;
				CLANG_ANALYZER_NUMBER_OBJECT_CONVERSION = YES_AGGRESSIVE;
				CLANG_CXX_LANGUAGE_STANDARD = "gnu++14";
				CLANG_CXX_LIBRARY = "libc++";
				CLANG_ENABLE_MODULES = YES;
				CLANG_ENABLE_OBJC_ARC = YES;
				CLANG_ENABLE_OBJC_WEAK = YES;
				CLANG_WARN_BLOCK_CAPTURE_AUTORELEASING = YES;
				CLANG_WARN_BOOL_CONVERSION = YES;
				CLANG_WARN_COMMA = YES;
				CLANG_WARN_CONSTANT_CONVERSION = YES;
				CLANG_WARN_DEPRECATED_OBJC_IMPLEMENTATIONS = YES;
				CLANG_WARN_DIRECT_OBJC_ISA_USAGE = YES_ERROR;
				CLANG_WARN_DOCUMENTATION_COMMENTS = YES;
				CLANG_WARN_EMPTY_BODY = YES;
				CLANG_WARN_ENUM_CONVERSION = YES;
				CLANG_WARN_INFINITE_RECURSION = YES;
				CLANG_WARN_INT_CONVERSION = YES;
				CLANG_WARN_NON_LITERAL_NULL_CONVERSION = YES;
				CLANG_WARN_OBJC_IMPLICIT_RETAIN_SELF = YES;
				CLANG_WARN_OBJC_LITERAL_CONVERSION = YES;
				CLANG_WARN_OBJC_ROOT_CLASS = YES_ERROR;
				CLANG_WARN_QUOTED_INCLUDE_IN_FRAMEWORK_HEADER = YES;
				CLANG_WARN_RANGE_LOOP_ANALYSIS = YES;
				CLANG_WARN_STRICT_PROTOTYPES = YES;
				CLANG_WARN_SUSPICIOUS_MOVE = YES;
				CLANG_WARN_UNGUARDED_AVAILABILITY = YES_AGGRESSIVE;
				CLANG_WARN_UNREACHABLE_CODE = YES;
				CLANG_WARN__DUPLICATE_METHOD_MATCH = YES;
				COPY_PHASE_STRIP = NO;
				DEBUG_INFORMATION_FORMAT = "dwarf-with-dsym";
				ENABLE_NS_ASSERTIONS = NO;
				ENABLE_STRICT_OBJC_MSGSEND = YES;
				GCC_C_LANGUAGE_STANDARD = gnu11;
				GCC_NO_COMMON_BLOCKS = YES;
				GCC_WARN_64_TO_32_BIT_CONVERSION = YES;
				GCC_WARN_ABOUT_RETURN_TYPE = YES_ERROR;
				GCC_WARN_UNDECLARED_SELECTOR = YES;
				GCC_WARN_UNINITIALIZED_AUTOS = YES_AGGRESSIVE;
				GCC_WARN_UNUSED_FUNCTION = YES;
				GCC_WARN_UNUSED_VARIABLE = YES;
				MACOSX_DEPLOYMENT_TARGET = 14.0;
				MTL_ENABLE_DEBUG_INFO = NO;
				MTL_FAST_MATH = YES;
				PRODUCT_NAME = "$(TARGET_NAME)";
				SWIFT_COMPILATION_MODE = wholemodule;
				SWIFT_OPTIMIZATION_LEVEL = "-O";
				SWIFT_VERSION = 6.0;
			};
			name = Release;
		};
		623F66FE37817DB860850CA6 /* Debug */ = {
			isa = XCBuildConfiguration;
			buildSettings = {
				ASSETCATALOG_COMPILER_APPICON_NAME = AppIcon;
				ASSETCATALOG_COMPILER_GLOBAL_ACCENT_COLOR_NAME = AccentColor;
				CODE_SIGN_STYLE = Automatic;
				COMBINE_HIDPI_IMAGES = YES;
				CURRENT_PROJECT_VERSION = 1;
				ENABLE_HARDENED_RUNTIME = YES;
				GENERATE_INFOPLIST_FILE = YES;
				INFOPLIST_KEY_CFBundleDisplayName = Orbit;
				INFOPLIST_KEY_LSApplicationCategoryType = "public.app-category.productivity";
				INFOPLIST_KEY_LSUIElement = YES;
				INFOPLIST_KEY_NSHumanReadableCopyright = "Copyright © 2026 Orbit";
				LD_RUNPATH_SEARCH_PATHS = "$(inherited) @executable_path/../Frameworks";
				MACOSX_DEPLOYMENT_TARGET = 14.0;
				MARKETING_VERSION = 1.0;
				PRODUCT_BUNDLE_IDENTIFIER = com.smiller.orbit;
				PRODUCT_NAME = Orbit;
				SDKROOT = macosx;
				SWIFT_EMIT_LOC_STRINGS = YES;
				SWIFT_VERSION = 6.0;
			};
			name = Debug;
		};
		F070CF481DE6913AE859B846 /* Release */ = {
			isa = XCBuildConfiguration;
			buildSettings = {
				ASSETCATALOG_COMPILER_APPICON_NAME = AppIcon;
				ASSETCATALOG_COMPILER_GLOBAL_ACCENT_COLOR_NAME = AccentColor;
				CODE_SIGN_STYLE = Automatic;
				COMBINE_HIDPI_IMAGES = YES;
				CURRENT_PROJECT_VERSION = 1;
				ENABLE_HARDENED_RUNTIME = YES;
				GENERATE_INFOPLIST_FILE = YES;
				INFOPLIST_KEY_CFBundleDisplayName = Orbit;
				INFOPLIST_KEY_LSApplicationCategoryType = "public.app-category.productivity";
				INFOPLIST_KEY_LSUIElement = YES;
				INFOPLIST_KEY_NSHumanReadableCopyright = "Copyright © 2026 Orbit";
				LD_RUNPATH_SEARCH_PATHS = "$(inherited) @executable_path/../Frameworks";
				MACOSX_DEPLOYMENT_TARGET = 14.0;
				MARKETING_VERSION = 1.0;
				PRODUCT_BUNDLE_IDENTIFIER = com.smiller.orbit;
				PRODUCT_NAME = Orbit;
				SDKROOT = macosx;
				SWIFT_EMIT_LOC_STRINGS = YES;
				SWIFT_VERSION = 6.0;
			};
			name = Release;
		};
/* End XCBuildConfiguration section */

/* Begin XCConfigurationList section */
		6299C1CDB80FBFF510D6C986 /* Build configuration list for PBXNativeTarget "Orbit" */ = {
			isa = XCConfigurationList;
			buildConfigurations = (
				F070CF481DE6913AE859B846 /* Release */,
				623F66FE37817DB860850CA6 /* Debug */,
			);
			defaultConfigurationIsVisible = 0;
			defaultConfigurationName = Release;
		};
		9283F44900B52C1118EDC287 /* Build configuration list for PBXProject "Orbit" */ = {
			isa = XCConfigurationList;
			buildConfigurations = (
				0AE89701176723ABF5E64304 /* Debug */,
				5C11419187BDA6B49C038803 /* Release */,
			);
			defaultConfigurationIsVisible = 0;
			defaultConfigurationName = Release;
		};
/* End XCConfigurationList section */

/* Begin XCRemoteSwiftPackageReference section */
		18B5C7AB2465D0D73D0D5769 /* XCRemoteSwiftPackageReference "sqlite-data" */ = {
			isa = XCRemoteSwiftPackageReference;
			repositoryURL = "https://github.com/pointfreeco/sqlite-data";
			requirement = {
				kind = upToNextMajorVersion;
				minimumVersion = 1.0.0;
			};
		};
		72A55E0EF5F59F737EF9E771 /* XCRemoteSwiftPackageReference "swift-dependencies" */ = {
			isa = XCRemoteSwiftPackageReference;
			repositoryURL = "https://github.com/pointfreeco/swift-dependencies";
			requirement = {
				kind = upToNextMajorVersion;
				minimumVersion = 1.8.0;
			};
		};
		8865C5935F024CEC1ACCC62E /* XCRemoteSwiftPackageReference "swift-case-paths" */ = {
			isa = XCRemoteSwiftPackageReference;
			repositoryURL = "https://github.com/pointfreeco/swift-case-paths";
			requirement = {
				kind = upToNextMajorVersion;
				minimumVersion = 1.5.0;
			};
		};
		909E4117947127E541BD6F08 /* XCRemoteSwiftPackageReference "swift-structured-queries" */ = {
			isa = XCRemoteSwiftPackageReference;
			repositoryURL = "https://github.com/pointfreeco/swift-structured-queries";
			requirement = {
				kind = upToNextMajorVersion;
				minimumVersion = 0.1.0;
			};
		};
		944DCDE1A5B48289EA42F118 /* XCRemoteSwiftPackageReference "swift-composable-architecture" */ = {
			isa = XCRemoteSwiftPackageReference;
			repositoryURL = "https://github.com/pointfreeco/swift-composable-architecture";
			requirement = {
				kind = upToNextMajorVersion;
				minimumVersion = 1.16.0;
			};
		};
/* End XCRemoteSwiftPackageReference section */

/* Begin XCSwiftPackageProductDependency section */
		4E8AC76DFEA855381F6C474C /* SQLiteData */ = {
			isa = XCSwiftPackageProductDependency;
			package = 18B5C7AB2465D0D73D0D5769 /* XCRemoteSwiftPackageReference "sqlite-data" */;
			productName = SQLiteData;
		};
		677CD6CCF4B8D2935C03B0D9 /* CasePaths */ = {
			isa = XCSwiftPackageProductDependency;
			package = 8865C5935F024CEC1ACCC62E /* XCRemoteSwiftPackageReference "swift-case-paths" */;
			productName = CasePaths;
		};
		85FA2F0D5908F169E51AC398 /* Dependencies */ = {
			isa = XCSwiftPackageProductDependency;
			package = 72A55E0EF5F59F737EF9E771 /* XCRemoteSwiftPackageReference "swift-dependencies" */;
			productName = Dependencies;
		};
		B15C3FAE01E8282D33D4802D /* StructuredQueries */ = {
			isa = XCSwiftPackageProductDependency;
			package = 909E4117947127E541BD6F08 /* XCRemoteSwiftPackageReference "swift-structured-queries" */;
			productName = StructuredQueries;
		};
		EE9FABAD638532832138E0DD /* ComposableArchitecture */ = {
			isa = XCSwiftPackageProductDependency;
			package = 944DCDE1A5B48289EA42F118 /* XCRemoteSwiftPackageReference "swift-composable-architecture" */;
			productName = ComposableArchitecture;
		};
/* End XCSwiftPackageProductDependency section */
	};
	rootObject = 3A90612B159B54453185C770 /* Project object */;
}
